
Microsoft Visual Studio Solution File, Format Version 12.00
# Visual Studio Version 16
VisualStudioVersion = 16.0.30011.22
MinimumVisualStudioVersion = 10.0.40219.1
Project("{8BC9CEB8-8B4A-11D0-8D11-00A0C91BC942}") = "Dbc", "CStudyProj.vcxproj", "{B44D0C14-BA4B-4CC4-9FF3-5669CE69726A}"
EndProject
Project("{8BC9CEB8-8B4A-11D0-8D11-00A0C91BC942}") = "Dojang_58.2", "..\Dojang_58.2\Dojang_58.2.vcxproj", "{3B6E9B61-D954-40AA-B8D7-03C2EEAD6052}"
EndProject
Global
	GlobalSection(SolutionConfigurationPlatforms) = preSolution
		Debug|x64 = Debug|x64
		Debug|x86 = Debug|x86
		Release|x64 = Release|x64
		Release|x86 = Release|x86
	EndGlobalSection
	GlobalSection(ProjectConfigurationPlatforms) = postSolution
		{B44D0C14-BA4B-4CC4-9FF3-5669CE69726A}.Debug|x64.ActiveCfg = Debug|x64
		{B44D0C14-BA4B-4CC4-9FF3-5669CE69726A}.Debug|x64.Build.0 = Debug|x64
		{B44D0C14-BA4B-4CC4-9FF3-5669CE69726A}.Debug|x86.ActiveCfg = Debug|Win32
		{B44D0C14-BA4B-4CC4-9FF3-5669CE69726A}.Debug|x86.Build.0 = Debug|Win32
		{B44D0C14-BA4B-4CC4-9FF3-5669CE69726A}.Release|x64.ActiveCfg = Release|x64
		{B44D0C14-BA4B-4CC4-9FF3-5669CE69726A}.Release|x64.Build.0 = Release|x64
		{B44D0C14-BA4B-4CC4-9FF3-5669CE69726A}.Release|x86.ActiveCfg = Release|Win32
		{B44D0C14-BA4B-4CC4-9FF3-5669CE69726A}.Release|x86.Build.0 = Release|Win32
		{3B6E9B61-D954-40AA-B8D7-03C2EEAD6052}.Debug|x64.ActiveCfg = Debug|x64
		{3B6E9B61-D954-40AA-B8D7-03C2EEAD6052}.Debug|x64.Build.0 = Debug|x64
		{3B6E9B61-D954-40AA-B8D7-03C2EEAD6052}.Debug|x86.ActiveCfg = Debug|Win32
		{3B6E9B61-D954-40AA-B8D7-03C2EEAD6052}.Debug|x86.Build.0 = Debug|Win32
		{3B6E9B61-D954-40AA-B8D7-03C2EEAD6052}.Release|x64.ActiveCfg = Release|x64
		{3B6E9B61-D954-40AA-B8D7-03C2EEAD6052}.Release|x64.Build.0 = Release|x64
		{3B6E9B61-D954-40AA-B8D7-03C2EEAD6052}.Release|x86.ActiveCfg = Release|Win32
		{3B6E9B61-D954-40AA-B8D7-03C2EEAD6052}.Release|x86.Build.0 = Release|Win32
	EndGlobalSection
	GlobalSection(SolutionProperties) = preSolution
		HideSolutionNode = FALSE
	EndGlobalSection
	GlobalSection(ExtensibilityGlobals) = postSolution
		SolutionGuid = {BCB0CEF5-144C-4C9B-BA49-3C09B5ACAAF0}
	EndGlobalSection
EndGlobal
