
Microsoft Visual Studio Solution File, Format Version 12.00
# Visual Studio Version 16
VisualStudioVersion = 16.0.30011.22
MinimumVisualStudioVersion = 10.0.40219.1
Project("{8BC9CEB8-8B4A-11D0-8D11-00A0C91BC942}") = "Dbc", "CStudyProj.vcxproj", "{B44D0C14-BA4B-4CC4-9FF3-5669CE69726A}"
EndProject
Project("{8BC9CEB8-8B4A-11D0-8D11-00A0C91BC942}") = "Dojang-58.2", "..\Dojang_58.2\Dojang_58.2.vcxproj", "{3B6E9B61-D954-40AA-B8D7-03C2EEAD6052}"
EndProject
Project("{8BC9CEB8-8B4A-11D0-8D11-00A0C91BC942}") = "Dbc-14.5", "..\Dbc_n\Dbc_n.vcxproj", "{C614FDD6-6BBC-4D62-88B0-891CDF3DB563}"
EndProject
Project("{8BC9CEB8-8B4A-11D0-8D11-00A0C91BC942}") = "Dbc-14.6_A", "..\Dbc-14.6\Dbc-14.6.vcxproj", "{59E6F822-51E5-4CB4-B632-FF31A44DE651}"
EndProject
Project("{8BC9CEB8-8B4A-11D0-8D11-00A0C91BC942}") = "Dbc-14.6_B", "..\Dbc-14.6_B\Dbc-14.6_B.vcxproj", "{4A00EBDD-6005-4FAE-8344-C2EDE3B3A2C7}"
EndProject
Project("{8BC9CEB8-8B4A-11D0-8D11-00A0C91BC942}") = "Dbc-14.6_C", "..\Dbc-14.6_C\Dbc-14.6_C.vcxproj", "{6AE87483-0785-4CD0-8195-4B6AB8FD23A1}"
EndProject
Project("{8BC9CEB8-8B4A-11D0-8D11-00A0C91BC942}") = "Dbc-14.7", "..\Dbc-14.7\Dbc-14.7.vcxproj", "{C19F643D-352E-4722-8DBB-99AD7E9292B9}"
EndProject
Project("{8BC9CEB8-8B4A-11D0-8D11-00A0C91BC942}") = "Dbc-14.8_A", "..\Dbc-14.8\Dbc-14.8.vcxproj", "{EC5DC467-32FA-433C-A784-C041657389E2}"
EndProject
Project("{8BC9CEB8-8B4A-11D0-8D11-00A0C91BC942}") = "Dbc-14.8_B", "..\Dbc-14.8_B\Dbc-14.8_B.vcxproj", "{09F791DC-2F62-4DE0-94E3-81E934B3C99A}"
EndProject
Project("{8BC9CEB8-8B4A-11D0-8D11-00A0C91BC942}") = "Dojang-49", "..\Dojang-49\Dojang-49.vcxproj", "{6ADED982-085B-403E-BE01-475058125DCE}"
EndProject
Project("{8BC9CEB8-8B4A-11D0-8D11-00A0C91BC942}") = "Dojang-26", "..\Dojang-26\Dojang-26.vcxproj", "{4660EE83-1863-4FDE-BEC3-3283A6A4AA51}"
EndProject
Project("{8BC9CEB8-8B4A-11D0-8D11-00A0C91BC942}") = "Dojang-17.8", "..\Dojang-17.8\Dojang-17.8.vcxproj", "{BB379296-75A4-40FB-A46B-10BC1FC6164C}"
EndProject
Project("{8BC9CEB8-8B4A-11D0-8D11-00A0C91BC942}") = "Dojang-18.4", "..\Dojang-18.4\Dojang-18.4.vcxproj", "{4EDC8550-188D-4927-B5DF-B7F4630ABD8C}"
EndProject
Project("{8BC9CEB8-8B4A-11D0-8D11-00A0C91BC942}") = "Dojang-18.7", "..\18.7\18.7.vcxproj", "{7D16BB1D-F953-4709-B83A-4091D18C1FFC}"
EndProject
Project("{8BC9CEB8-8B4A-11D0-8D11-00A0C91BC942}") = "Dojang-18.10", "..\18.10\18.10.vcxproj", "{DBB3457D-9B4E-4D03-9DF7-3B51179268FA}"
EndProject
Project("{8BC9CEB8-8B4A-11D0-8D11-00A0C91BC942}") = "Dojang-19.1", "..\Dojang-19.1\Dojang-19.1.vcxproj", "{62F64CCD-EDAD-4438-BC9F-F1B419669D54}"
EndProject
Project("{8BC9CEB8-8B4A-11D0-8D11-00A0C91BC942}") = "Dojang-19.5", "..\Dojang-19.5\Dojang-19.5.vcxproj", "{C6A97133-3EA8-4A98-80FA-E9A225AD4773}"
EndProject
Project("{8BC9CEB8-8B4A-11D0-8D11-00A0C91BC942}") = "Dojang-20.6", "..\Dojang-20.6\Dojang-20.6.vcxproj", "{9171CA47-9C3D-4219-B85D-B851FAC5FD06}"
EndProject
Project("{8BC9CEB8-8B4A-11D0-8D11-00A0C91BC942}") = "Dojang-20.7", "..\Dojang-20.7\Dojang-20.7.vcxproj", "{A8D8F730-5FEF-4C4E-B036-8AC6B423DBD0}"
EndProject
Project("{8BC9CEB8-8B4A-11D0-8D11-00A0C91BC942}") = "Dojang-20.8", "..\Dojang-20.8\Dojang-20.8.vcxproj", "{AB3F2C5C-2D92-4F34-B8B1-0FFC83C9BF38}"
EndProject
Project("{8BC9CEB8-8B4A-11D0-8D11-00A0C91BC942}") = "Dojang-20.9", "..\20.9\20.9.vcxproj", "{9C01A9F9-6B7A-452A-A66A-22B9616EC38A}"
EndProject
Project("{8BC9CEB8-8B4A-11D0-8D11-00A0C91BC942}") = "Dojang-21.5", "..\Dojang-21.5\Dojang-21.5.vcxproj", "{7387D535-0698-4117-AA0D-F5585513CC57}"
EndProject
Project("{8BC9CEB8-8B4A-11D0-8D11-00A0C91BC942}") = "Dojang-27.11", "..\Dojang-27.11\Dojang-27.11.vcxproj", "{9048BB88-FFCE-4EE5-9668-910A161F0AEB}"
EndProject
Project("{8BC9CEB8-8B4A-11D0-8D11-00A0C91BC942}") = "Dojang-28.1", "..\Dojang-28.1\Dojang-28.1.vcxproj", "{20735E48-F115-4B74-82A0-DDE97416AF44}"
EndProject
Project("{8BC9CEB8-8B4A-11D0-8D11-00A0C91BC942}") = "Dojang-28.5", "..\Dojang-28.5\Dojang-28.5.vcxproj", "{75D0BDC0-8F4F-45BF-9120-315A0EC1BC76}"
EndProject
Project("{8BC9CEB8-8B4A-11D0-8D11-00A0C91BC942}") = "Dojang-28.6", "..\Dojang-28\Dojang-28.vcxproj", "{8F52647F-91E1-4EE7-9C8B-36EE1D79508C}"
EndProject
Project("{8BC9CEB8-8B4A-11D0-8D11-00A0C91BC942}") = "Dojang-28.10", "..\28.10\28.10.vcxproj", "{8B15A620-9A35-48DD-9888-85518FAD0ADD}"
EndProject
Project("{8BC9CEB8-8B4A-11D0-8D11-00A0C91BC942}") = "Dojang-20.2", "..\Dojang-20-2\Dojang-20-2.vcxproj", "{C866FD5E-D137-4A60-803D-9AD66F92DB12}"
EndProject
Project("{8BC9CEB8-8B4A-11D0-8D11-00A0C91BC942}") = "Dojang-21.6", "..\Dojang-21.6\Dojang-21.6.vcxproj", "{2E1E10DC-7914-4E9C-A155-32C1BFBB7A22}"
EndProject
Project("{8BC9CEB8-8B4A-11D0-8D11-00A0C91BC942}") = "Dojang-21.9", "..\Dojang-21.9\Dojang-21.9.vcxproj", "{0E843AC3-8390-4BD3-BDD8-E9E946DD4891}"
EndProject
Project("{8BC9CEB8-8B4A-11D0-8D11-00A0C91BC942}") = "Dojang-22.1", "..\Dojang-22.1\Dojang-22.1.vcxproj", "{8CA58288-3AD1-46A2-B47C-8EBEB1E9702F}"
EndProject
Project("{8BC9CEB8-8B4A-11D0-8D11-00A0C91BC942}") = "Dojang-22.3", "..\Dojang-22.3\Dojang-22.3.vcxproj", "{94529447-6382-467D-8701-A7F449A56707}"
EndProject
Project("{8BC9CEB8-8B4A-11D0-8D11-00A0C91BC942}") = "Dojang-22.7", "..\Dojang-22.7\Dojang-22.7.vcxproj", "{09CD71BA-2709-4E9E-B2CD-18FEA72223A5}"
EndProject
Project("{8BC9CEB8-8B4A-11D0-8D11-00A0C91BC942}") = "Dojang-23.0", "..\Dojang-23.0\Dojang-23.0.vcxproj", "{FFCF1B66-9490-4784-A7B5-1A8FD7ECFEA4}"
EndProject
Project("{8BC9CEB8-8B4A-11D0-8D11-00A0C91BC942}") = "Dojang-23.2", "..\Dojang-23.2\Dojang-23.2.vcxproj", "{77FD6A9A-11B6-4EAB-BCFD-C64095FBFFDC}"
EndProject
Project("{8BC9CEB8-8B4A-11D0-8D11-00A0C91BC942}") = "Dojang-23.6", "..\Dojang-23.6\Dojang-23.6.vcxproj", "{A9C5B023-D004-4D83-B027-880FADA24D64}"
EndProject
Project("{8BC9CEB8-8B4A-11D0-8D11-00A0C91BC942}") = "Dojang-24", "..\Dojang-24\Dojang-24.vcxproj", "{9540537F-8106-4B1A-9E46-D228449B5183}"
EndProject
Project("{8BC9CEB8-8B4A-11D0-8D11-00A0C91BC942}") = "Dojang-24.3", "..\Dojang-24.3\Dojang-24.3.vcxproj", "{66CB6200-1154-4C51-948D-A3E3EBCB7DF6}"
EndProject
Project("{8BC9CEB8-8B4A-11D0-8D11-00A0C91BC942}") = "Dojang-24.4", "..\Dojang-24.4\Dojang-24.4.vcxproj", "{8D2DD41A-F831-4B76-AD15-08CFD8F53F20}"
EndProject
Project("{8BC9CEB8-8B4A-11D0-8D11-00A0C91BC942}") = "Dojang-24.7", "..\Dojang-24.7\Dojang-24.7.vcxproj", "{A2DEB5BE-F3BA-49B1-B344-7C63200390D5}"
EndProject
Project("{8BC9CEB8-8B4A-11D0-8D11-00A0C91BC942}") = "Dojang-25.1", "..\Dojang-25.1\Dojang-25.1.vcxproj", "{823573E1-5472-49A2-BECC-BA1182748A08}"
EndProject
Project("{8BC9CEB8-8B4A-11D0-8D11-00A0C91BC942}") = "Dojang-16.5", "..\Dojang-16.5\Dojang-16.5.vcxproj", "{C1027DD0-1504-45F7-BC56-C6F609A92FA5}"
EndProject
Project("{8BC9CEB8-8B4A-11D0-8D11-00A0C91BC942}") = "Dojang-11.7", "..\Dojang-11.7\Dojang-11.7.vcxproj", "{5F85EA87-FC70-405B-9A35-15231B7CEC14}"
EndProject
Project("{8BC9CEB8-8B4A-11D0-8D11-00A0C91BC942}") = "Dojang-25.7", "..\Dojang-25.7\Dojang-25.7.vcxproj", "{114B4269-8A63-4540-A14E-1D8B537F204A}"
EndProject
Project("{2150E333-8FDC-42A3-9474-1A3956D46DE8}") = "DBC-", "DBC-", "{CD9C0DE0-816E-4489-AD8A-7FFFAFD42CEC}"
EndProject
Project("{2150E333-8FDC-42A3-9474-1A3956D46DE8}") = "Dojang", "Dojang", "{2D4E830C-8C99-4DE9-A551-D994EA2EF16A}"
EndProject
Project("{2150E333-8FDC-42A3-9474-1A3956D46DE8}") = "1-20", "1-20", "{BD8AEF94-1419-4D86-99B0-5FD46A80927B}"
EndProject
Project("{2150E333-8FDC-42A3-9474-1A3956D46DE8}") = "21-40", "21-40", "{BE00679B-3091-402A-AC55-4A6BCAD41CCB}"
EndProject
Project("{2150E333-8FDC-42A3-9474-1A3956D46DE8}") = "41-60", "41-60", "{4CAEA7D1-B64B-472D-9E39-6789F6A73002}"
EndProject
Project("{8BC9CEB8-8B4A-11D0-8D11-00A0C91BC942}") = "Dojang-29.0", "..\Dojang-29.0\Dojang-29.0.vcxproj", "{84D0C79E-AF37-4FEA-BF65-1FB4337B2EDB}"
EndProject
Project("{8BC9CEB8-8B4A-11D0-8D11-00A0C91BC942}") = "Dojang-29.6", "..\Dojang-29.6\Dojang-29.6.vcxproj", "{48D8F028-AE5F-4BCA-B02B-2B682C6F5D36}"
EndProject
Project("{8BC9CEB8-8B4A-11D0-8D11-00A0C91BC942}") = "Dojang-29.7", "..\Dojang-29.7\Dojang-29.7.vcxproj", "{CA1013D7-A1A1-4A17-9000-D0447419A103}"
EndProject
Project("{8BC9CEB8-8B4A-11D0-8D11-00A0C91BC942}") = "Dojang-29.10", "..\Dojang-29.10\Dojang-29.10.vcxproj", "{27437B37-C9AE-4CBC-A859-04BCC435499F}"
EndProject
Project("{8BC9CEB8-8B4A-11D0-8D11-00A0C91BC942}") = "Dojang-30.0c", "..\Dojang-30.0\Dojang-30.0.vcxproj", "{03C780A6-0478-4746-AF00-3D3C7F88DE04}"
EndProject
Project("{8BC9CEB8-8B4A-11D0-8D11-00A0C91BC942}") = "Dojang-30.7cc", "..\Dojang-30.7\Dojang-30.7.vcxproj", "{35751665-EB94-4A3F-A5F2-1A4157AA6D86}"
EndProject
Project("{8BC9CEB8-8B4A-11D0-8D11-00A0C91BC942}") = "Dojang-31", "..\Dojang-31\Dojang-31.vcxproj", "{77AA62E4-AC91-4975-951A-BDA38A74E5FF}"
EndProject
Project("{8BC9CEB8-8B4A-11D0-8D11-00A0C91BC942}") = "Dojang-31.2cc", "..\Dojang-31.2\Dojang-31.2.vcxproj", "{AE919F8B-B959-4221-B22D-C4CCA987FAA9}"
EndProject
Project("{8BC9CEB8-8B4A-11D0-8D11-00A0C91BC942}") = "Dojang-32.1", "..\Dojang-32.1\Dojang-32.1.vcxproj", "{493E015F-6D09-40DD-BA70-6BDFD8EE36D6}"
EndProject
Project("{8BC9CEB8-8B4A-11D0-8D11-00A0C91BC942}") = "Dojang-33.0_FizzBuzz", "..\Dojang-33.0_FizzBuzz\Dojang-33.0_FizzBuzz.vcxproj", "{C2BA2BA2-F642-4241-A882-DCCB9AEE7072}"
EndProject
Project("{8BC9CEB8-8B4A-11D0-8D11-00A0C91BC942}") = "Dojang-33.7_FizzBuzz", "..\Dojang-33.7_FizzBuzz\Dojang-33.7_FizzBuzz.vcxproj", "{453589B4-F023-4688-BA3B-47CE409EA359}"
EndProject
Project("{8BC9CEB8-8B4A-11D0-8D11-00A0C91BC942}") = "Dojang-34.2cc", "..\Dojang-34.2\Dojang-34.2.vcxproj", "{53E7498F-EB02-408F-8329-EB24277AD006}"
EndProject
Project("{8BC9CEB8-8B4A-11D0-8D11-00A0C91BC942}") = "Dojang-35.0", "..\Dojang-35.0\Dojang-35.0.vcxproj", "{8F2F11A0-71CC-45F7-A363-B354CF9D7DA6}"
EndProject
Project("{8BC9CEB8-8B4A-11D0-8D11-00A0C91BC942}") = "Dojang-35.7", "..\Dojang-35.7\Dojang-35.7.vcxproj", "{04234705-5704-4D1A-B6BB-AFC4D889B94C}"
EndProject
Project("{8BC9CEB8-8B4A-11D0-8D11-00A0C91BC942}") = "Dojang-36.0", "..\Dojang-36.0\Dojang-36.0.vcxproj", "{8C46C845-A903-41DF-A9C3-6175F46D5981}"
EndProject
Project("{8BC9CEB8-8B4A-11D0-8D11-00A0C91BC942}") = "Dojang-36.9", "..\Dojang-36.9\Dojang-36.9.vcxproj", "{78BA6635-510A-417F-A43C-CEACD092693A}"
EndProject
Project("{8BC9CEB8-8B4A-11D0-8D11-00A0C91BC942}") = "Dojang-36.11", "..\Dojang-36.11\Dojang-36.11.vcxproj", "{24F8403D-7F38-4D4E-9867-AE57304EA6C1}"
EndProject
Project("{8BC9CEB8-8B4A-11D0-8D11-00A0C91BC942}") = "Dojang-36.12", "..\Dojang-36.12\Dojang-36.12.vcxproj", "{EC655EE8-C285-4540-A152-DBA119262148}"
EndProject
Project("{8BC9CEB8-8B4A-11D0-8D11-00A0C91BC942}") = "Dojang-36.13cc", "..\Dojang-36.13\Dojang-36.13.vcxproj", "{E072EB0E-F212-487C-9292-F62845BE9722}"
EndProject
Project("{8BC9CEB8-8B4A-11D0-8D11-00A0C91BC942}") = "Dojang-37.0", "..\Dojang-37.0\Dojang-37.0.vcxproj", "{339BB42A-10FD-44A4-AEAA-4560685B5D85}"
EndProject
Project("{8BC9CEB8-8B4A-11D0-8D11-00A0C91BC942}") = "Dojang-37.5", "..\Dojang-37.5\Dojang-37.5.vcxproj", "{2155E465-B29F-49E6-ABEB-1723CB228DD6}"
EndProject
Project("{8BC9CEB8-8B4A-11D0-8D11-00A0C91BC942}") = "Dojang-37.8", "..\Dojang-37\Dojang-37.vcxproj", "{A42B9958-2DD6-4FC5-B539-DEB5865E70CB}"
EndProject
Project("{8BC9CEB8-8B4A-11D0-8D11-00A0C91BC942}") = "Dojang-37.9", "..\Dojang-37.9\Dojang-37.9.vcxproj", "{416F020E-B73A-4AC8-865A-E8EEDD28C76F}"
EndProject
Global
	GlobalSection(SolutionConfigurationPlatforms) = preSolution
		Debug|x64 = Debug|x64
		Debug|x86 = Debug|x86
		Release|x64 = Release|x64
		Release|x86 = Release|x86
	EndGlobalSection
	GlobalSection(ProjectConfigurationPlatforms) = postSolution
		{B44D0C14-BA4B-4CC4-9FF3-5669CE69726A}.Debug|x64.ActiveCfg = Debug|x64
		{B44D0C14-BA4B-4CC4-9FF3-5669CE69726A}.Debug|x64.Build.0 = Debug|x64
		{B44D0C14-BA4B-4CC4-9FF3-5669CE69726A}.Debug|x86.ActiveCfg = Debug|Win32
		{B44D0C14-BA4B-4CC4-9FF3-5669CE69726A}.Debug|x86.Build.0 = Debug|Win32
		{B44D0C14-BA4B-4CC4-9FF3-5669CE69726A}.Release|x64.ActiveCfg = Release|x64
		{B44D0C14-BA4B-4CC4-9FF3-5669CE69726A}.Release|x64.Build.0 = Release|x64
		{B44D0C14-BA4B-4CC4-9FF3-5669CE69726A}.Release|x86.ActiveCfg = Release|Win32
		{B44D0C14-BA4B-4CC4-9FF3-5669CE69726A}.Release|x86.Build.0 = Release|Win32
		{3B6E9B61-D954-40AA-B8D7-03C2EEAD6052}.Debug|x64.ActiveCfg = Debug|x64
		{3B6E9B61-D954-40AA-B8D7-03C2EEAD6052}.Debug|x64.Build.0 = Debug|x64
		{3B6E9B61-D954-40AA-B8D7-03C2EEAD6052}.Debug|x86.ActiveCfg = Debug|Win32
		{3B6E9B61-D954-40AA-B8D7-03C2EEAD6052}.Debug|x86.Build.0 = Debug|Win32
		{3B6E9B61-D954-40AA-B8D7-03C2EEAD6052}.Release|x64.ActiveCfg = Release|x64
		{3B6E9B61-D954-40AA-B8D7-03C2EEAD6052}.Release|x64.Build.0 = Release|x64
		{3B6E9B61-D954-40AA-B8D7-03C2EEAD6052}.Release|x86.ActiveCfg = Release|Win32
		{3B6E9B61-D954-40AA-B8D7-03C2EEAD6052}.Release|x86.Build.0 = Release|Win32
		{C614FDD6-6BBC-4D62-88B0-891CDF3DB563}.Debug|x64.ActiveCfg = Debug|x64
		{C614FDD6-6BBC-4D62-88B0-891CDF3DB563}.Debug|x64.Build.0 = Debug|x64
		{C614FDD6-6BBC-4D62-88B0-891CDF3DB563}.Debug|x86.ActiveCfg = Debug|Win32
		{C614FDD6-6BBC-4D62-88B0-891CDF3DB563}.Debug|x86.Build.0 = Debug|Win32
		{C614FDD6-6BBC-4D62-88B0-891CDF3DB563}.Release|x64.ActiveCfg = Release|x64
		{C614FDD6-6BBC-4D62-88B0-891CDF3DB563}.Release|x64.Build.0 = Release|x64
		{C614FDD6-6BBC-4D62-88B0-891CDF3DB563}.Release|x86.ActiveCfg = Release|Win32
		{C614FDD6-6BBC-4D62-88B0-891CDF3DB563}.Release|x86.Build.0 = Release|Win32
		{59E6F822-51E5-4CB4-B632-FF31A44DE651}.Debug|x64.ActiveCfg = Debug|x64
		{59E6F822-51E5-4CB4-B632-FF31A44DE651}.Debug|x64.Build.0 = Debug|x64
		{59E6F822-51E5-4CB4-B632-FF31A44DE651}.Debug|x86.ActiveCfg = Debug|Win32
		{59E6F822-51E5-4CB4-B632-FF31A44DE651}.Debug|x86.Build.0 = Debug|Win32
		{59E6F822-51E5-4CB4-B632-FF31A44DE651}.Release|x64.ActiveCfg = Release|x64
		{59E6F822-51E5-4CB4-B632-FF31A44DE651}.Release|x64.Build.0 = Release|x64
		{59E6F822-51E5-4CB4-B632-FF31A44DE651}.Release|x86.ActiveCfg = Release|Win32
		{59E6F822-51E5-4CB4-B632-FF31A44DE651}.Release|x86.Build.0 = Release|Win32
		{4A00EBDD-6005-4FAE-8344-C2EDE3B3A2C7}.Debug|x64.ActiveCfg = Debug|x64
		{4A00EBDD-6005-4FAE-8344-C2EDE3B3A2C7}.Debug|x64.Build.0 = Debug|x64
		{4A00EBDD-6005-4FAE-8344-C2EDE3B3A2C7}.Debug|x86.ActiveCfg = Debug|Win32
		{4A00EBDD-6005-4FAE-8344-C2EDE3B3A2C7}.Debug|x86.Build.0 = Debug|Win32
		{4A00EBDD-6005-4FAE-8344-C2EDE3B3A2C7}.Release|x64.ActiveCfg = Release|x64
		{4A00EBDD-6005-4FAE-8344-C2EDE3B3A2C7}.Release|x64.Build.0 = Release|x64
		{4A00EBDD-6005-4FAE-8344-C2EDE3B3A2C7}.Release|x86.ActiveCfg = Release|Win32
		{4A00EBDD-6005-4FAE-8344-C2EDE3B3A2C7}.Release|x86.Build.0 = Release|Win32
		{6AE87483-0785-4CD0-8195-4B6AB8FD23A1}.Debug|x64.ActiveCfg = Debug|x64
		{6AE87483-0785-4CD0-8195-4B6AB8FD23A1}.Debug|x64.Build.0 = Debug|x64
		{6AE87483-0785-4CD0-8195-4B6AB8FD23A1}.Debug|x86.ActiveCfg = Debug|Win32
		{6AE87483-0785-4CD0-8195-4B6AB8FD23A1}.Debug|x86.Build.0 = Debug|Win32
		{6AE87483-0785-4CD0-8195-4B6AB8FD23A1}.Release|x64.ActiveCfg = Release|x64
		{6AE87483-0785-4CD0-8195-4B6AB8FD23A1}.Release|x64.Build.0 = Release|x64
		{6AE87483-0785-4CD0-8195-4B6AB8FD23A1}.Release|x86.ActiveCfg = Release|Win32
		{6AE87483-0785-4CD0-8195-4B6AB8FD23A1}.Release|x86.Build.0 = Release|Win32
		{C19F643D-352E-4722-8DBB-99AD7E9292B9}.Debug|x64.ActiveCfg = Debug|x64
		{C19F643D-352E-4722-8DBB-99AD7E9292B9}.Debug|x64.Build.0 = Debug|x64
		{C19F643D-352E-4722-8DBB-99AD7E9292B9}.Debug|x86.ActiveCfg = Debug|Win32
		{C19F643D-352E-4722-8DBB-99AD7E9292B9}.Debug|x86.Build.0 = Debug|Win32
		{C19F643D-352E-4722-8DBB-99AD7E9292B9}.Release|x64.ActiveCfg = Release|x64
		{C19F643D-352E-4722-8DBB-99AD7E9292B9}.Release|x64.Build.0 = Release|x64
		{C19F643D-352E-4722-8DBB-99AD7E9292B9}.Release|x86.ActiveCfg = Release|Win32
		{C19F643D-352E-4722-8DBB-99AD7E9292B9}.Release|x86.Build.0 = Release|Win32
		{EC5DC467-32FA-433C-A784-C041657389E2}.Debug|x64.ActiveCfg = Debug|x64
		{EC5DC467-32FA-433C-A784-C041657389E2}.Debug|x64.Build.0 = Debug|x64
		{EC5DC467-32FA-433C-A784-C041657389E2}.Debug|x86.ActiveCfg = Debug|Win32
		{EC5DC467-32FA-433C-A784-C041657389E2}.Debug|x86.Build.0 = Debug|Win32
		{EC5DC467-32FA-433C-A784-C041657389E2}.Release|x64.ActiveCfg = Release|x64
		{EC5DC467-32FA-433C-A784-C041657389E2}.Release|x64.Build.0 = Release|x64
		{EC5DC467-32FA-433C-A784-C041657389E2}.Release|x86.ActiveCfg = Release|Win32
		{EC5DC467-32FA-433C-A784-C041657389E2}.Release|x86.Build.0 = Release|Win32
		{09F791DC-2F62-4DE0-94E3-81E934B3C99A}.Debug|x64.ActiveCfg = Debug|x64
		{09F791DC-2F62-4DE0-94E3-81E934B3C99A}.Debug|x64.Build.0 = Debug|x64
		{09F791DC-2F62-4DE0-94E3-81E934B3C99A}.Debug|x86.ActiveCfg = Debug|Win32
		{09F791DC-2F62-4DE0-94E3-81E934B3C99A}.Debug|x86.Build.0 = Debug|Win32
		{09F791DC-2F62-4DE0-94E3-81E934B3C99A}.Release|x64.ActiveCfg = Release|x64
		{09F791DC-2F62-4DE0-94E3-81E934B3C99A}.Release|x64.Build.0 = Release|x64
		{09F791DC-2F62-4DE0-94E3-81E934B3C99A}.Release|x86.ActiveCfg = Release|Win32
		{09F791DC-2F62-4DE0-94E3-81E934B3C99A}.Release|x86.Build.0 = Release|Win32
		{6ADED982-085B-403E-BE01-475058125DCE}.Debug|x64.ActiveCfg = Debug|x64
		{6ADED982-085B-403E-BE01-475058125DCE}.Debug|x64.Build.0 = Debug|x64
		{6ADED982-085B-403E-BE01-475058125DCE}.Debug|x86.ActiveCfg = Debug|Win32
		{6ADED982-085B-403E-BE01-475058125DCE}.Debug|x86.Build.0 = Debug|Win32
		{6ADED982-085B-403E-BE01-475058125DCE}.Release|x64.ActiveCfg = Release|x64
		{6ADED982-085B-403E-BE01-475058125DCE}.Release|x64.Build.0 = Release|x64
		{6ADED982-085B-403E-BE01-475058125DCE}.Release|x86.ActiveCfg = Release|Win32
		{6ADED982-085B-403E-BE01-475058125DCE}.Release|x86.Build.0 = Release|Win32
		{4660EE83-1863-4FDE-BEC3-3283A6A4AA51}.Debug|x64.ActiveCfg = Debug|x64
		{4660EE83-1863-4FDE-BEC3-3283A6A4AA51}.Debug|x64.Build.0 = Debug|x64
		{4660EE83-1863-4FDE-BEC3-3283A6A4AA51}.Debug|x86.ActiveCfg = Debug|Win32
		{4660EE83-1863-4FDE-BEC3-3283A6A4AA51}.Debug|x86.Build.0 = Debug|Win32
		{4660EE83-1863-4FDE-BEC3-3283A6A4AA51}.Release|x64.ActiveCfg = Release|x64
		{4660EE83-1863-4FDE-BEC3-3283A6A4AA51}.Release|x64.Build.0 = Release|x64
		{4660EE83-1863-4FDE-BEC3-3283A6A4AA51}.Release|x86.ActiveCfg = Release|Win32
		{4660EE83-1863-4FDE-BEC3-3283A6A4AA51}.Release|x86.Build.0 = Release|Win32
		{BB379296-75A4-40FB-A46B-10BC1FC6164C}.Debug|x64.ActiveCfg = Debug|x64
		{BB379296-75A4-40FB-A46B-10BC1FC6164C}.Debug|x64.Build.0 = Debug|x64
		{BB379296-75A4-40FB-A46B-10BC1FC6164C}.Debug|x86.ActiveCfg = Debug|Win32
		{BB379296-75A4-40FB-A46B-10BC1FC6164C}.Debug|x86.Build.0 = Debug|Win32
		{BB379296-75A4-40FB-A46B-10BC1FC6164C}.Release|x64.ActiveCfg = Release|x64
		{BB379296-75A4-40FB-A46B-10BC1FC6164C}.Release|x64.Build.0 = Release|x64
		{BB379296-75A4-40FB-A46B-10BC1FC6164C}.Release|x86.ActiveCfg = Release|Win32
		{BB379296-75A4-40FB-A46B-10BC1FC6164C}.Release|x86.Build.0 = Release|Win32
		{4EDC8550-188D-4927-B5DF-B7F4630ABD8C}.Debug|x64.ActiveCfg = Debug|x64
		{4EDC8550-188D-4927-B5DF-B7F4630ABD8C}.Debug|x64.Build.0 = Debug|x64
		{4EDC8550-188D-4927-B5DF-B7F4630ABD8C}.Debug|x86.ActiveCfg = Debug|Win32
		{4EDC8550-188D-4927-B5DF-B7F4630ABD8C}.Debug|x86.Build.0 = Debug|Win32
		{4EDC8550-188D-4927-B5DF-B7F4630ABD8C}.Release|x64.ActiveCfg = Release|x64
		{4EDC8550-188D-4927-B5DF-B7F4630ABD8C}.Release|x64.Build.0 = Release|x64
		{4EDC8550-188D-4927-B5DF-B7F4630ABD8C}.Release|x86.ActiveCfg = Release|Win32
		{4EDC8550-188D-4927-B5DF-B7F4630ABD8C}.Release|x86.Build.0 = Release|Win32
		{7D16BB1D-F953-4709-B83A-4091D18C1FFC}.Debug|x64.ActiveCfg = Debug|x64
		{7D16BB1D-F953-4709-B83A-4091D18C1FFC}.Debug|x64.Build.0 = Debug|x64
		{7D16BB1D-F953-4709-B83A-4091D18C1FFC}.Debug|x86.ActiveCfg = Debug|Win32
		{7D16BB1D-F953-4709-B83A-4091D18C1FFC}.Debug|x86.Build.0 = Debug|Win32
		{7D16BB1D-F953-4709-B83A-4091D18C1FFC}.Release|x64.ActiveCfg = Release|x64
		{7D16BB1D-F953-4709-B83A-4091D18C1FFC}.Release|x64.Build.0 = Release|x64
		{7D16BB1D-F953-4709-B83A-4091D18C1FFC}.Release|x86.ActiveCfg = Release|Win32
		{7D16BB1D-F953-4709-B83A-4091D18C1FFC}.Release|x86.Build.0 = Release|Win32
		{DBB3457D-9B4E-4D03-9DF7-3B51179268FA}.Debug|x64.ActiveCfg = Debug|x64
		{DBB3457D-9B4E-4D03-9DF7-3B51179268FA}.Debug|x64.Build.0 = Debug|x64
		{DBB3457D-9B4E-4D03-9DF7-3B51179268FA}.Debug|x86.ActiveCfg = Debug|Win32
		{DBB3457D-9B4E-4D03-9DF7-3B51179268FA}.Debug|x86.Build.0 = Debug|Win32
		{DBB3457D-9B4E-4D03-9DF7-3B51179268FA}.Release|x64.ActiveCfg = Release|x64
		{DBB3457D-9B4E-4D03-9DF7-3B51179268FA}.Release|x64.Build.0 = Release|x64
		{DBB3457D-9B4E-4D03-9DF7-3B51179268FA}.Release|x86.ActiveCfg = Release|Win32
		{DBB3457D-9B4E-4D03-9DF7-3B51179268FA}.Release|x86.Build.0 = Release|Win32
		{62F64CCD-EDAD-4438-BC9F-F1B419669D54}.Debug|x64.ActiveCfg = Debug|x64
		{62F64CCD-EDAD-4438-BC9F-F1B419669D54}.Debug|x64.Build.0 = Debug|x64
		{62F64CCD-EDAD-4438-BC9F-F1B419669D54}.Debug|x86.ActiveCfg = Debug|Win32
		{62F64CCD-EDAD-4438-BC9F-F1B419669D54}.Debug|x86.Build.0 = Debug|Win32
		{62F64CCD-EDAD-4438-BC9F-F1B419669D54}.Release|x64.ActiveCfg = Release|x64
		{62F64CCD-EDAD-4438-BC9F-F1B419669D54}.Release|x64.Build.0 = Release|x64
		{62F64CCD-EDAD-4438-BC9F-F1B419669D54}.Release|x86.ActiveCfg = Release|Win32
		{62F64CCD-EDAD-4438-BC9F-F1B419669D54}.Release|x86.Build.0 = Release|Win32
		{C6A97133-3EA8-4A98-80FA-E9A225AD4773}.Debug|x64.ActiveCfg = Debug|x64
		{C6A97133-3EA8-4A98-80FA-E9A225AD4773}.Debug|x64.Build.0 = Debug|x64
		{C6A97133-3EA8-4A98-80FA-E9A225AD4773}.Debug|x86.ActiveCfg = Debug|Win32
		{C6A97133-3EA8-4A98-80FA-E9A225AD4773}.Debug|x86.Build.0 = Debug|Win32
		{C6A97133-3EA8-4A98-80FA-E9A225AD4773}.Release|x64.ActiveCfg = Release|x64
		{C6A97133-3EA8-4A98-80FA-E9A225AD4773}.Release|x64.Build.0 = Release|x64
		{C6A97133-3EA8-4A98-80FA-E9A225AD4773}.Release|x86.ActiveCfg = Release|Win32
		{C6A97133-3EA8-4A98-80FA-E9A225AD4773}.Release|x86.Build.0 = Release|Win32
		{9171CA47-9C3D-4219-B85D-B851FAC5FD06}.Debug|x64.ActiveCfg = Debug|x64
		{9171CA47-9C3D-4219-B85D-B851FAC5FD06}.Debug|x64.Build.0 = Debug|x64
		{9171CA47-9C3D-4219-B85D-B851FAC5FD06}.Debug|x86.ActiveCfg = Debug|Win32
		{9171CA47-9C3D-4219-B85D-B851FAC5FD06}.Debug|x86.Build.0 = Debug|Win32
		{9171CA47-9C3D-4219-B85D-B851FAC5FD06}.Release|x64.ActiveCfg = Release|x64
		{9171CA47-9C3D-4219-B85D-B851FAC5FD06}.Release|x64.Build.0 = Release|x64
		{9171CA47-9C3D-4219-B85D-B851FAC5FD06}.Release|x86.ActiveCfg = Release|Win32
		{9171CA47-9C3D-4219-B85D-B851FAC5FD06}.Release|x86.Build.0 = Release|Win32
		{A8D8F730-5FEF-4C4E-B036-8AC6B423DBD0}.Debug|x64.ActiveCfg = Debug|x64
		{A8D8F730-5FEF-4C4E-B036-8AC6B423DBD0}.Debug|x64.Build.0 = Debug|x64
		{A8D8F730-5FEF-4C4E-B036-8AC6B423DBD0}.Debug|x86.ActiveCfg = Debug|Win32
		{A8D8F730-5FEF-4C4E-B036-8AC6B423DBD0}.Debug|x86.Build.0 = Debug|Win32
		{A8D8F730-5FEF-4C4E-B036-8AC6B423DBD0}.Release|x64.ActiveCfg = Release|x64
		{A8D8F730-5FEF-4C4E-B036-8AC6B423DBD0}.Release|x64.Build.0 = Release|x64
		{A8D8F730-5FEF-4C4E-B036-8AC6B423DBD0}.Release|x86.ActiveCfg = Release|Win32
		{A8D8F730-5FEF-4C4E-B036-8AC6B423DBD0}.Release|x86.Build.0 = Release|Win32
		{AB3F2C5C-2D92-4F34-B8B1-0FFC83C9BF38}.Debug|x64.ActiveCfg = Debug|x64
		{AB3F2C5C-2D92-4F34-B8B1-0FFC83C9BF38}.Debug|x64.Build.0 = Debug|x64
		{AB3F2C5C-2D92-4F34-B8B1-0FFC83C9BF38}.Debug|x86.ActiveCfg = Debug|Win32
		{AB3F2C5C-2D92-4F34-B8B1-0FFC83C9BF38}.Debug|x86.Build.0 = Debug|Win32
		{AB3F2C5C-2D92-4F34-B8B1-0FFC83C9BF38}.Release|x64.ActiveCfg = Release|x64
		{AB3F2C5C-2D92-4F34-B8B1-0FFC83C9BF38}.Release|x64.Build.0 = Release|x64
		{AB3F2C5C-2D92-4F34-B8B1-0FFC83C9BF38}.Release|x86.ActiveCfg = Release|Win32
		{AB3F2C5C-2D92-4F34-B8B1-0FFC83C9BF38}.Release|x86.Build.0 = Release|Win32
		{9C01A9F9-6B7A-452A-A66A-22B9616EC38A}.Debug|x64.ActiveCfg = Debug|x64
		{9C01A9F9-6B7A-452A-A66A-22B9616EC38A}.Debug|x64.Build.0 = Debug|x64
		{9C01A9F9-6B7A-452A-A66A-22B9616EC38A}.Debug|x86.ActiveCfg = Debug|Win32
		{9C01A9F9-6B7A-452A-A66A-22B9616EC38A}.Debug|x86.Build.0 = Debug|Win32
		{9C01A9F9-6B7A-452A-A66A-22B9616EC38A}.Release|x64.ActiveCfg = Release|x64
		{9C01A9F9-6B7A-452A-A66A-22B9616EC38A}.Release|x64.Build.0 = Release|x64
		{9C01A9F9-6B7A-452A-A66A-22B9616EC38A}.Release|x86.ActiveCfg = Release|Win32
		{9C01A9F9-6B7A-452A-A66A-22B9616EC38A}.Release|x86.Build.0 = Release|Win32
		{7387D535-0698-4117-AA0D-F5585513CC57}.Debug|x64.ActiveCfg = Debug|x64
		{7387D535-0698-4117-AA0D-F5585513CC57}.Debug|x64.Build.0 = Debug|x64
		{7387D535-0698-4117-AA0D-F5585513CC57}.Debug|x86.ActiveCfg = Debug|Win32
		{7387D535-0698-4117-AA0D-F5585513CC57}.Debug|x86.Build.0 = Debug|Win32
		{7387D535-0698-4117-AA0D-F5585513CC57}.Release|x64.ActiveCfg = Release|x64
		{7387D535-0698-4117-AA0D-F5585513CC57}.Release|x64.Build.0 = Release|x64
		{7387D535-0698-4117-AA0D-F5585513CC57}.Release|x86.ActiveCfg = Release|Win32
		{7387D535-0698-4117-AA0D-F5585513CC57}.Release|x86.Build.0 = Release|Win32
		{9048BB88-FFCE-4EE5-9668-910A161F0AEB}.Debug|x64.ActiveCfg = Debug|x64
		{9048BB88-FFCE-4EE5-9668-910A161F0AEB}.Debug|x64.Build.0 = Debug|x64
		{9048BB88-FFCE-4EE5-9668-910A161F0AEB}.Debug|x86.ActiveCfg = Debug|Win32
		{9048BB88-FFCE-4EE5-9668-910A161F0AEB}.Debug|x86.Build.0 = Debug|Win32
		{9048BB88-FFCE-4EE5-9668-910A161F0AEB}.Release|x64.ActiveCfg = Release|x64
		{9048BB88-FFCE-4EE5-9668-910A161F0AEB}.Release|x64.Build.0 = Release|x64
		{9048BB88-FFCE-4EE5-9668-910A161F0AEB}.Release|x86.ActiveCfg = Release|Win32
		{9048BB88-FFCE-4EE5-9668-910A161F0AEB}.Release|x86.Build.0 = Release|Win32
		{20735E48-F115-4B74-82A0-DDE97416AF44}.Debug|x64.ActiveCfg = Debug|x64
		{20735E48-F115-4B74-82A0-DDE97416AF44}.Debug|x64.Build.0 = Debug|x64
		{20735E48-F115-4B74-82A0-DDE97416AF44}.Debug|x86.ActiveCfg = Debug|Win32
		{20735E48-F115-4B74-82A0-DDE97416AF44}.Debug|x86.Build.0 = Debug|Win32
		{20735E48-F115-4B74-82A0-DDE97416AF44}.Release|x64.ActiveCfg = Release|x64
		{20735E48-F115-4B74-82A0-DDE97416AF44}.Release|x64.Build.0 = Release|x64
		{20735E48-F115-4B74-82A0-DDE97416AF44}.Release|x86.ActiveCfg = Release|Win32
		{20735E48-F115-4B74-82A0-DDE97416AF44}.Release|x86.Build.0 = Release|Win32
		{75D0BDC0-8F4F-45BF-9120-315A0EC1BC76}.Debug|x64.ActiveCfg = Debug|x64
		{75D0BDC0-8F4F-45BF-9120-315A0EC1BC76}.Debug|x64.Build.0 = Debug|x64
		{75D0BDC0-8F4F-45BF-9120-315A0EC1BC76}.Debug|x86.ActiveCfg = Debug|Win32
		{75D0BDC0-8F4F-45BF-9120-315A0EC1BC76}.Debug|x86.Build.0 = Debug|Win32
		{75D0BDC0-8F4F-45BF-9120-315A0EC1BC76}.Release|x64.ActiveCfg = Release|x64
		{75D0BDC0-8F4F-45BF-9120-315A0EC1BC76}.Release|x64.Build.0 = Release|x64
		{75D0BDC0-8F4F-45BF-9120-315A0EC1BC76}.Release|x86.ActiveCfg = Release|Win32
		{75D0BDC0-8F4F-45BF-9120-315A0EC1BC76}.Release|x86.Build.0 = Release|Win32
		{8F52647F-91E1-4EE7-9C8B-36EE1D79508C}.Debug|x64.ActiveCfg = Debug|x64
		{8F52647F-91E1-4EE7-9C8B-36EE1D79508C}.Debug|x64.Build.0 = Debug|x64
		{8F52647F-91E1-4EE7-9C8B-36EE1D79508C}.Debug|x86.ActiveCfg = Debug|Win32
		{8F52647F-91E1-4EE7-9C8B-36EE1D79508C}.Debug|x86.Build.0 = Debug|Win32
		{8F52647F-91E1-4EE7-9C8B-36EE1D79508C}.Release|x64.ActiveCfg = Release|x64
		{8F52647F-91E1-4EE7-9C8B-36EE1D79508C}.Release|x64.Build.0 = Release|x64
		{8F52647F-91E1-4EE7-9C8B-36EE1D79508C}.Release|x86.ActiveCfg = Release|Win32
		{8F52647F-91E1-4EE7-9C8B-36EE1D79508C}.Release|x86.Build.0 = Release|Win32
		{8B15A620-9A35-48DD-9888-85518FAD0ADD}.Debug|x64.ActiveCfg = Debug|x64
		{8B15A620-9A35-48DD-9888-85518FAD0ADD}.Debug|x64.Build.0 = Debug|x64
		{8B15A620-9A35-48DD-9888-85518FAD0ADD}.Debug|x86.ActiveCfg = Debug|Win32
		{8B15A620-9A35-48DD-9888-85518FAD0ADD}.Debug|x86.Build.0 = Debug|Win32
		{8B15A620-9A35-48DD-9888-85518FAD0ADD}.Release|x64.ActiveCfg = Release|x64
		{8B15A620-9A35-48DD-9888-85518FAD0ADD}.Release|x64.Build.0 = Release|x64
		{8B15A620-9A35-48DD-9888-85518FAD0ADD}.Release|x86.ActiveCfg = Release|Win32
		{8B15A620-9A35-48DD-9888-85518FAD0ADD}.Release|x86.Build.0 = Release|Win32
		{C866FD5E-D137-4A60-803D-9AD66F92DB12}.Debug|x64.ActiveCfg = Debug|x64
		{C866FD5E-D137-4A60-803D-9AD66F92DB12}.Debug|x64.Build.0 = Debug|x64
		{C866FD5E-D137-4A60-803D-9AD66F92DB12}.Debug|x86.ActiveCfg = Debug|Win32
		{C866FD5E-D137-4A60-803D-9AD66F92DB12}.Debug|x86.Build.0 = Debug|Win32
		{C866FD5E-D137-4A60-803D-9AD66F92DB12}.Release|x64.ActiveCfg = Release|x64
		{C866FD5E-D137-4A60-803D-9AD66F92DB12}.Release|x64.Build.0 = Release|x64
		{C866FD5E-D137-4A60-803D-9AD66F92DB12}.Release|x86.ActiveCfg = Release|Win32
		{C866FD5E-D137-4A60-803D-9AD66F92DB12}.Release|x86.Build.0 = Release|Win32
		{2E1E10DC-7914-4E9C-A155-32C1BFBB7A22}.Debug|x64.ActiveCfg = Debug|x64
		{2E1E10DC-7914-4E9C-A155-32C1BFBB7A22}.Debug|x64.Build.0 = Debug|x64
		{2E1E10DC-7914-4E9C-A155-32C1BFBB7A22}.Debug|x86.ActiveCfg = Debug|Win32
		{2E1E10DC-7914-4E9C-A155-32C1BFBB7A22}.Debug|x86.Build.0 = Debug|Win32
		{2E1E10DC-7914-4E9C-A155-32C1BFBB7A22}.Release|x64.ActiveCfg = Release|x64
		{2E1E10DC-7914-4E9C-A155-32C1BFBB7A22}.Release|x64.Build.0 = Release|x64
		{2E1E10DC-7914-4E9C-A155-32C1BFBB7A22}.Release|x86.ActiveCfg = Release|Win32
		{2E1E10DC-7914-4E9C-A155-32C1BFBB7A22}.Release|x86.Build.0 = Release|Win32
		{0E843AC3-8390-4BD3-BDD8-E9E946DD4891}.Debug|x64.ActiveCfg = Debug|x64
		{0E843AC3-8390-4BD3-BDD8-E9E946DD4891}.Debug|x64.Build.0 = Debug|x64
		{0E843AC3-8390-4BD3-BDD8-E9E946DD4891}.Debug|x86.ActiveCfg = Debug|Win32
		{0E843AC3-8390-4BD3-BDD8-E9E946DD4891}.Debug|x86.Build.0 = Debug|Win32
		{0E843AC3-8390-4BD3-BDD8-E9E946DD4891}.Release|x64.ActiveCfg = Release|x64
		{0E843AC3-8390-4BD3-BDD8-E9E946DD4891}.Release|x64.Build.0 = Release|x64
		{0E843AC3-8390-4BD3-BDD8-E9E946DD4891}.Release|x86.ActiveCfg = Release|Win32
		{0E843AC3-8390-4BD3-BDD8-E9E946DD4891}.Release|x86.Build.0 = Release|Win32
		{8CA58288-3AD1-46A2-B47C-8EBEB1E9702F}.Debug|x64.ActiveCfg = Debug|x64
		{8CA58288-3AD1-46A2-B47C-8EBEB1E9702F}.Debug|x64.Build.0 = Debug|x64
		{8CA58288-3AD1-46A2-B47C-8EBEB1E9702F}.Debug|x86.ActiveCfg = Debug|Win32
		{8CA58288-3AD1-46A2-B47C-8EBEB1E9702F}.Debug|x86.Build.0 = Debug|Win32
		{8CA58288-3AD1-46A2-B47C-8EBEB1E9702F}.Release|x64.ActiveCfg = Release|x64
		{8CA58288-3AD1-46A2-B47C-8EBEB1E9702F}.Release|x64.Build.0 = Release|x64
		{8CA58288-3AD1-46A2-B47C-8EBEB1E9702F}.Release|x86.ActiveCfg = Release|Win32
		{8CA58288-3AD1-46A2-B47C-8EBEB1E9702F}.Release|x86.Build.0 = Release|Win32
		{94529447-6382-467D-8701-A7F449A56707}.Debug|x64.ActiveCfg = Debug|x64
		{94529447-6382-467D-8701-A7F449A56707}.Debug|x64.Build.0 = Debug|x64
		{94529447-6382-467D-8701-A7F449A56707}.Debug|x86.ActiveCfg = Debug|Win32
		{94529447-6382-467D-8701-A7F449A56707}.Debug|x86.Build.0 = Debug|Win32
		{94529447-6382-467D-8701-A7F449A56707}.Release|x64.ActiveCfg = Release|x64
		{94529447-6382-467D-8701-A7F449A56707}.Release|x64.Build.0 = Release|x64
		{94529447-6382-467D-8701-A7F449A56707}.Release|x86.ActiveCfg = Release|Win32
		{94529447-6382-467D-8701-A7F449A56707}.Release|x86.Build.0 = Release|Win32
		{09CD71BA-2709-4E9E-B2CD-18FEA72223A5}.Debug|x64.ActiveCfg = Debug|x64
		{09CD71BA-2709-4E9E-B2CD-18FEA72223A5}.Debug|x64.Build.0 = Debug|x64
		{09CD71BA-2709-4E9E-B2CD-18FEA72223A5}.Debug|x86.ActiveCfg = Debug|Win32
		{09CD71BA-2709-4E9E-B2CD-18FEA72223A5}.Debug|x86.Build.0 = Debug|Win32
		{09CD71BA-2709-4E9E-B2CD-18FEA72223A5}.Release|x64.ActiveCfg = Release|x64
		{09CD71BA-2709-4E9E-B2CD-18FEA72223A5}.Release|x64.Build.0 = Release|x64
		{09CD71BA-2709-4E9E-B2CD-18FEA72223A5}.Release|x86.ActiveCfg = Release|Win32
		{09CD71BA-2709-4E9E-B2CD-18FEA72223A5}.Release|x86.Build.0 = Release|Win32
		{FFCF1B66-9490-4784-A7B5-1A8FD7ECFEA4}.Debug|x64.ActiveCfg = Debug|x64
		{FFCF1B66-9490-4784-A7B5-1A8FD7ECFEA4}.Debug|x64.Build.0 = Debug|x64
		{FFCF1B66-9490-4784-A7B5-1A8FD7ECFEA4}.Debug|x86.ActiveCfg = Debug|Win32
		{FFCF1B66-9490-4784-A7B5-1A8FD7ECFEA4}.Debug|x86.Build.0 = Debug|Win32
		{FFCF1B66-9490-4784-A7B5-1A8FD7ECFEA4}.Release|x64.ActiveCfg = Release|x64
		{FFCF1B66-9490-4784-A7B5-1A8FD7ECFEA4}.Release|x64.Build.0 = Release|x64
		{FFCF1B66-9490-4784-A7B5-1A8FD7ECFEA4}.Release|x86.ActiveCfg = Release|Win32
		{FFCF1B66-9490-4784-A7B5-1A8FD7ECFEA4}.Release|x86.Build.0 = Release|Win32
		{77FD6A9A-11B6-4EAB-BCFD-C64095FBFFDC}.Debug|x64.ActiveCfg = Debug|x64
		{77FD6A9A-11B6-4EAB-BCFD-C64095FBFFDC}.Debug|x64.Build.0 = Debug|x64
		{77FD6A9A-11B6-4EAB-BCFD-C64095FBFFDC}.Debug|x86.ActiveCfg = Debug|Win32
		{77FD6A9A-11B6-4EAB-BCFD-C64095FBFFDC}.Debug|x86.Build.0 = Debug|Win32
		{77FD6A9A-11B6-4EAB-BCFD-C64095FBFFDC}.Release|x64.ActiveCfg = Release|x64
		{77FD6A9A-11B6-4EAB-BCFD-C64095FBFFDC}.Release|x64.Build.0 = Release|x64
		{77FD6A9A-11B6-4EAB-BCFD-C64095FBFFDC}.Release|x86.ActiveCfg = Release|Win32
		{77FD6A9A-11B6-4EAB-BCFD-C64095FBFFDC}.Release|x86.Build.0 = Release|Win32
		{A9C5B023-D004-4D83-B027-880FADA24D64}.Debug|x64.ActiveCfg = Debug|x64
		{A9C5B023-D004-4D83-B027-880FADA24D64}.Debug|x64.Build.0 = Debug|x64
		{A9C5B023-D004-4D83-B027-880FADA24D64}.Debug|x86.ActiveCfg = Debug|Win32
		{A9C5B023-D004-4D83-B027-880FADA24D64}.Debug|x86.Build.0 = Debug|Win32
		{A9C5B023-D004-4D83-B027-880FADA24D64}.Release|x64.ActiveCfg = Release|x64
		{A9C5B023-D004-4D83-B027-880FADA24D64}.Release|x64.Build.0 = Release|x64
		{A9C5B023-D004-4D83-B027-880FADA24D64}.Release|x86.ActiveCfg = Release|Win32
		{A9C5B023-D004-4D83-B027-880FADA24D64}.Release|x86.Build.0 = Release|Win32
		{9540537F-8106-4B1A-9E46-D228449B5183}.Debug|x64.ActiveCfg = Debug|x64
		{9540537F-8106-4B1A-9E46-D228449B5183}.Debug|x64.Build.0 = Debug|x64
		{9540537F-8106-4B1A-9E46-D228449B5183}.Debug|x86.ActiveCfg = Debug|Win32
		{9540537F-8106-4B1A-9E46-D228449B5183}.Debug|x86.Build.0 = Debug|Win32
		{9540537F-8106-4B1A-9E46-D228449B5183}.Release|x64.ActiveCfg = Release|x64
		{9540537F-8106-4B1A-9E46-D228449B5183}.Release|x64.Build.0 = Release|x64
		{9540537F-8106-4B1A-9E46-D228449B5183}.Release|x86.ActiveCfg = Release|Win32
		{9540537F-8106-4B1A-9E46-D228449B5183}.Release|x86.Build.0 = Release|Win32
		{66CB6200-1154-4C51-948D-A3E3EBCB7DF6}.Debug|x64.ActiveCfg = Debug|x64
		{66CB6200-1154-4C51-948D-A3E3EBCB7DF6}.Debug|x64.Build.0 = Debug|x64
		{66CB6200-1154-4C51-948D-A3E3EBCB7DF6}.Debug|x86.ActiveCfg = Debug|Win32
		{66CB6200-1154-4C51-948D-A3E3EBCB7DF6}.Debug|x86.Build.0 = Debug|Win32
		{66CB6200-1154-4C51-948D-A3E3EBCB7DF6}.Release|x64.ActiveCfg = Release|x64
		{66CB6200-1154-4C51-948D-A3E3EBCB7DF6}.Release|x64.Build.0 = Release|x64
		{66CB6200-1154-4C51-948D-A3E3EBCB7DF6}.Release|x86.ActiveCfg = Release|Win32
		{66CB6200-1154-4C51-948D-A3E3EBCB7DF6}.Release|x86.Build.0 = Release|Win32
		{8D2DD41A-F831-4B76-AD15-08CFD8F53F20}.Debug|x64.ActiveCfg = Debug|x64
		{8D2DD41A-F831-4B76-AD15-08CFD8F53F20}.Debug|x64.Build.0 = Debug|x64
		{8D2DD41A-F831-4B76-AD15-08CFD8F53F20}.Debug|x86.ActiveCfg = Debug|Win32
		{8D2DD41A-F831-4B76-AD15-08CFD8F53F20}.Debug|x86.Build.0 = Debug|Win32
		{8D2DD41A-F831-4B76-AD15-08CFD8F53F20}.Release|x64.ActiveCfg = Release|x64
		{8D2DD41A-F831-4B76-AD15-08CFD8F53F20}.Release|x64.Build.0 = Release|x64
		{8D2DD41A-F831-4B76-AD15-08CFD8F53F20}.Release|x86.ActiveCfg = Release|Win32
		{8D2DD41A-F831-4B76-AD15-08CFD8F53F20}.Release|x86.Build.0 = Release|Win32
		{A2DEB5BE-F3BA-49B1-B344-7C63200390D5}.Debug|x64.ActiveCfg = Debug|x64
		{A2DEB5BE-F3BA-49B1-B344-7C63200390D5}.Debug|x64.Build.0 = Debug|x64
		{A2DEB5BE-F3BA-49B1-B344-7C63200390D5}.Debug|x86.ActiveCfg = Debug|Win32
		{A2DEB5BE-F3BA-49B1-B344-7C63200390D5}.Debug|x86.Build.0 = Debug|Win32
		{A2DEB5BE-F3BA-49B1-B344-7C63200390D5}.Release|x64.ActiveCfg = Release|x64
		{A2DEB5BE-F3BA-49B1-B344-7C63200390D5}.Release|x64.Build.0 = Release|x64
		{A2DEB5BE-F3BA-49B1-B344-7C63200390D5}.Release|x86.ActiveCfg = Release|Win32
		{A2DEB5BE-F3BA-49B1-B344-7C63200390D5}.Release|x86.Build.0 = Release|Win32
		{823573E1-5472-49A2-BECC-BA1182748A08}.Debug|x64.ActiveCfg = Debug|x64
		{823573E1-5472-49A2-BECC-BA1182748A08}.Debug|x64.Build.0 = Debug|x64
		{823573E1-5472-49A2-BECC-BA1182748A08}.Debug|x86.ActiveCfg = Debug|Win32
		{823573E1-5472-49A2-BECC-BA1182748A08}.Debug|x86.Build.0 = Debug|Win32
		{823573E1-5472-49A2-BECC-BA1182748A08}.Release|x64.ActiveCfg = Release|x64
		{823573E1-5472-49A2-BECC-BA1182748A08}.Release|x64.Build.0 = Release|x64
		{823573E1-5472-49A2-BECC-BA1182748A08}.Release|x86.ActiveCfg = Release|Win32
		{823573E1-5472-49A2-BECC-BA1182748A08}.Release|x86.Build.0 = Release|Win32
		{C1027DD0-1504-45F7-BC56-C6F609A92FA5}.Debug|x64.ActiveCfg = Debug|x64
		{C1027DD0-1504-45F7-BC56-C6F609A92FA5}.Debug|x64.Build.0 = Debug|x64
		{C1027DD0-1504-45F7-BC56-C6F609A92FA5}.Debug|x86.ActiveCfg = Debug|Win32
		{C1027DD0-1504-45F7-BC56-C6F609A92FA5}.Debug|x86.Build.0 = Debug|Win32
		{C1027DD0-1504-45F7-BC56-C6F609A92FA5}.Release|x64.ActiveCfg = Release|x64
		{C1027DD0-1504-45F7-BC56-C6F609A92FA5}.Release|x64.Build.0 = Release|x64
		{C1027DD0-1504-45F7-BC56-C6F609A92FA5}.Release|x86.ActiveCfg = Release|Win32
		{C1027DD0-1504-45F7-BC56-C6F609A92FA5}.Release|x86.Build.0 = Release|Win32
		{5F85EA87-FC70-405B-9A35-15231B7CEC14}.Debug|x64.ActiveCfg = Debug|x64
		{5F85EA87-FC70-405B-9A35-15231B7CEC14}.Debug|x64.Build.0 = Debug|x64
		{5F85EA87-FC70-405B-9A35-15231B7CEC14}.Debug|x86.ActiveCfg = Debug|Win32
		{5F85EA87-FC70-405B-9A35-15231B7CEC14}.Debug|x86.Build.0 = Debug|Win32
		{5F85EA87-FC70-405B-9A35-15231B7CEC14}.Release|x64.ActiveCfg = Release|x64
		{5F85EA87-FC70-405B-9A35-15231B7CEC14}.Release|x64.Build.0 = Release|x64
		{5F85EA87-FC70-405B-9A35-15231B7CEC14}.Release|x86.ActiveCfg = Release|Win32
		{5F85EA87-FC70-405B-9A35-15231B7CEC14}.Release|x86.Build.0 = Release|Win32
		{114B4269-8A63-4540-A14E-1D8B537F204A}.Debug|x64.ActiveCfg = Debug|x64
		{114B4269-8A63-4540-A14E-1D8B537F204A}.Debug|x64.Build.0 = Debug|x64
		{114B4269-8A63-4540-A14E-1D8B537F204A}.Debug|x86.ActiveCfg = Debug|Win32
		{114B4269-8A63-4540-A14E-1D8B537F204A}.Debug|x86.Build.0 = Debug|Win32
		{114B4269-8A63-4540-A14E-1D8B537F204A}.Release|x64.ActiveCfg = Release|x64
		{114B4269-8A63-4540-A14E-1D8B537F204A}.Release|x64.Build.0 = Release|x64
		{114B4269-8A63-4540-A14E-1D8B537F204A}.Release|x86.ActiveCfg = Release|Win32
		{114B4269-8A63-4540-A14E-1D8B537F204A}.Release|x86.Build.0 = Release|Win32
		{84D0C79E-AF37-4FEA-BF65-1FB4337B2EDB}.Debug|x64.ActiveCfg = Debug|x64
		{84D0C79E-AF37-4FEA-BF65-1FB4337B2EDB}.Debug|x64.Build.0 = Debug|x64
		{84D0C79E-AF37-4FEA-BF65-1FB4337B2EDB}.Debug|x86.ActiveCfg = Debug|Win32
		{84D0C79E-AF37-4FEA-BF65-1FB4337B2EDB}.Debug|x86.Build.0 = Debug|Win32
		{84D0C79E-AF37-4FEA-BF65-1FB4337B2EDB}.Release|x64.ActiveCfg = Release|x64
		{84D0C79E-AF37-4FEA-BF65-1FB4337B2EDB}.Release|x64.Build.0 = Release|x64
		{84D0C79E-AF37-4FEA-BF65-1FB4337B2EDB}.Release|x86.ActiveCfg = Release|Win32
		{84D0C79E-AF37-4FEA-BF65-1FB4337B2EDB}.Release|x86.Build.0 = Release|Win32
		{48D8F028-AE5F-4BCA-B02B-2B682C6F5D36}.Debug|x64.ActiveCfg = Debug|x64
		{48D8F028-AE5F-4BCA-B02B-2B682C6F5D36}.Debug|x64.Build.0 = Debug|x64
		{48D8F028-AE5F-4BCA-B02B-2B682C6F5D36}.Debug|x86.ActiveCfg = Debug|Win32
		{48D8F028-AE5F-4BCA-B02B-2B682C6F5D36}.Debug|x86.Build.0 = Debug|Win32
		{48D8F028-AE5F-4BCA-B02B-2B682C6F5D36}.Release|x64.ActiveCfg = Release|x64
		{48D8F028-AE5F-4BCA-B02B-2B682C6F5D36}.Release|x64.Build.0 = Release|x64
		{48D8F028-AE5F-4BCA-B02B-2B682C6F5D36}.Release|x86.ActiveCfg = Release|Win32
		{48D8F028-AE5F-4BCA-B02B-2B682C6F5D36}.Release|x86.Build.0 = Release|Win32
		{CA1013D7-A1A1-4A17-9000-D0447419A103}.Debug|x64.ActiveCfg = Debug|x64
		{CA1013D7-A1A1-4A17-9000-D0447419A103}.Debug|x64.Build.0 = Debug|x64
		{CA1013D7-A1A1-4A17-9000-D0447419A103}.Debug|x86.ActiveCfg = Debug|Win32
		{CA1013D7-A1A1-4A17-9000-D0447419A103}.Debug|x86.Build.0 = Debug|Win32
		{CA1013D7-A1A1-4A17-9000-D0447419A103}.Release|x64.ActiveCfg = Release|x64
		{CA1013D7-A1A1-4A17-9000-D0447419A103}.Release|x64.Build.0 = Release|x64
		{CA1013D7-A1A1-4A17-9000-D0447419A103}.Release|x86.ActiveCfg = Release|Win32
		{CA1013D7-A1A1-4A17-9000-D0447419A103}.Release|x86.Build.0 = Release|Win32
		{27437B37-C9AE-4CBC-A859-04BCC435499F}.Debug|x64.ActiveCfg = Debug|x64
		{27437B37-C9AE-4CBC-A859-04BCC435499F}.Debug|x64.Build.0 = Debug|x64
		{27437B37-C9AE-4CBC-A859-04BCC435499F}.Debug|x86.ActiveCfg = Debug|Win32
		{27437B37-C9AE-4CBC-A859-04BCC435499F}.Debug|x86.Build.0 = Debug|Win32
		{27437B37-C9AE-4CBC-A859-04BCC435499F}.Release|x64.ActiveCfg = Release|x64
		{27437B37-C9AE-4CBC-A859-04BCC435499F}.Release|x64.Build.0 = Release|x64
		{27437B37-C9AE-4CBC-A859-04BCC435499F}.Release|x86.ActiveCfg = Release|Win32
		{27437B37-C9AE-4CBC-A859-04BCC435499F}.Release|x86.Build.0 = Release|Win32
		{03C780A6-0478-4746-AF00-3D3C7F88DE04}.Debug|x64.ActiveCfg = Debug|x64
		{03C780A6-0478-4746-AF00-3D3C7F88DE04}.Debug|x64.Build.0 = Debug|x64
		{03C780A6-0478-4746-AF00-3D3C7F88DE04}.Debug|x86.ActiveCfg = Debug|Win32
		{03C780A6-0478-4746-AF00-3D3C7F88DE04}.Debug|x86.Build.0 = Debug|Win32
		{03C780A6-0478-4746-AF00-3D3C7F88DE04}.Release|x64.ActiveCfg = Release|x64
		{03C780A6-0478-4746-AF00-3D3C7F88DE04}.Release|x64.Build.0 = Release|x64
		{03C780A6-0478-4746-AF00-3D3C7F88DE04}.Release|x86.ActiveCfg = Release|Win32
		{03C780A6-0478-4746-AF00-3D3C7F88DE04}.Release|x86.Build.0 = Release|Win32
		{35751665-EB94-4A3F-A5F2-1A4157AA6D86}.Debug|x64.ActiveCfg = Debug|x64
		{35751665-EB94-4A3F-A5F2-1A4157AA6D86}.Debug|x64.Build.0 = Debug|x64
		{35751665-EB94-4A3F-A5F2-1A4157AA6D86}.Debug|x86.ActiveCfg = Debug|Win32
		{35751665-EB94-4A3F-A5F2-1A4157AA6D86}.Debug|x86.Build.0 = Debug|Win32
		{35751665-EB94-4A3F-A5F2-1A4157AA6D86}.Release|x64.ActiveCfg = Release|x64
		{35751665-EB94-4A3F-A5F2-1A4157AA6D86}.Release|x64.Build.0 = Release|x64
		{35751665-EB94-4A3F-A5F2-1A4157AA6D86}.Release|x86.ActiveCfg = Release|Win32
		{35751665-EB94-4A3F-A5F2-1A4157AA6D86}.Release|x86.Build.0 = Release|Win32
		{77AA62E4-AC91-4975-951A-BDA38A74E5FF}.Debug|x64.ActiveCfg = Debug|x64
		{77AA62E4-AC91-4975-951A-BDA38A74E5FF}.Debug|x64.Build.0 = Debug|x64
		{77AA62E4-AC91-4975-951A-BDA38A74E5FF}.Debug|x86.ActiveCfg = Debug|Win32
		{77AA62E4-AC91-4975-951A-BDA38A74E5FF}.Debug|x86.Build.0 = Debug|Win32
		{77AA62E4-AC91-4975-951A-BDA38A74E5FF}.Release|x64.ActiveCfg = Release|x64
		{77AA62E4-AC91-4975-951A-BDA38A74E5FF}.Release|x64.Build.0 = Release|x64
		{77AA62E4-AC91-4975-951A-BDA38A74E5FF}.Release|x86.ActiveCfg = Release|Win32
		{77AA62E4-AC91-4975-951A-BDA38A74E5FF}.Release|x86.Build.0 = Release|Win32
		{AE919F8B-B959-4221-B22D-C4CCA987FAA9}.Debug|x64.ActiveCfg = Debug|x64
		{AE919F8B-B959-4221-B22D-C4CCA987FAA9}.Debug|x64.Build.0 = Debug|x64
		{AE919F8B-B959-4221-B22D-C4CCA987FAA9}.Debug|x86.ActiveCfg = Debug|Win32
		{AE919F8B-B959-4221-B22D-C4CCA987FAA9}.Debug|x86.Build.0 = Debug|Win32
		{AE919F8B-B959-4221-B22D-C4CCA987FAA9}.Release|x64.ActiveCfg = Release|x64
		{AE919F8B-B959-4221-B22D-C4CCA987FAA9}.Release|x64.Build.0 = Release|x64
		{AE919F8B-B959-4221-B22D-C4CCA987FAA9}.Release|x86.ActiveCfg = Release|Win32
		{AE919F8B-B959-4221-B22D-C4CCA987FAA9}.Release|x86.Build.0 = Release|Win32
		{493E015F-6D09-40DD-BA70-6BDFD8EE36D6}.Debug|x64.ActiveCfg = Debug|x64
		{493E015F-6D09-40DD-BA70-6BDFD8EE36D6}.Debug|x64.Build.0 = Debug|x64
		{493E015F-6D09-40DD-BA70-6BDFD8EE36D6}.Debug|x86.ActiveCfg = Debug|Win32
		{493E015F-6D09-40DD-BA70-6BDFD8EE36D6}.Debug|x86.Build.0 = Debug|Win32
		{493E015F-6D09-40DD-BA70-6BDFD8EE36D6}.Release|x64.ActiveCfg = Release|x64
		{493E015F-6D09-40DD-BA70-6BDFD8EE36D6}.Release|x64.Build.0 = Release|x64
		{493E015F-6D09-40DD-BA70-6BDFD8EE36D6}.Release|x86.ActiveCfg = Release|Win32
		{493E015F-6D09-40DD-BA70-6BDFD8EE36D6}.Release|x86.Build.0 = Release|Win32
		{C2BA2BA2-F642-4241-A882-DCCB9AEE7072}.Debug|x64.ActiveCfg = Debug|x64
		{C2BA2BA2-F642-4241-A882-DCCB9AEE7072}.Debug|x64.Build.0 = Debug|x64
		{C2BA2BA2-F642-4241-A882-DCCB9AEE7072}.Debug|x86.ActiveCfg = Debug|Win32
		{C2BA2BA2-F642-4241-A882-DCCB9AEE7072}.Debug|x86.Build.0 = Debug|Win32
		{C2BA2BA2-F642-4241-A882-DCCB9AEE7072}.Release|x64.ActiveCfg = Release|x64
		{C2BA2BA2-F642-4241-A882-DCCB9AEE7072}.Release|x64.Build.0 = Release|x64
		{C2BA2BA2-F642-4241-A882-DCCB9AEE7072}.Release|x86.ActiveCfg = Release|Win32
		{C2BA2BA2-F642-4241-A882-DCCB9AEE7072}.Release|x86.Build.0 = Release|Win32
		{453589B4-F023-4688-BA3B-47CE409EA359}.Debug|x64.ActiveCfg = Debug|x64
		{453589B4-F023-4688-BA3B-47CE409EA359}.Debug|x64.Build.0 = Debug|x64
		{453589B4-F023-4688-BA3B-47CE409EA359}.Debug|x86.ActiveCfg = Debug|Win32
		{453589B4-F023-4688-BA3B-47CE409EA359}.Debug|x86.Build.0 = Debug|Win32
		{453589B4-F023-4688-BA3B-47CE409EA359}.Release|x64.ActiveCfg = Release|x64
		{453589B4-F023-4688-BA3B-47CE409EA359}.Release|x64.Build.0 = Release|x64
		{453589B4-F023-4688-BA3B-47CE409EA359}.Release|x86.ActiveCfg = Release|Win32
		{453589B4-F023-4688-BA3B-47CE409EA359}.Release|x86.Build.0 = Release|Win32
		{53E7498F-EB02-408F-8329-EB24277AD006}.Debug|x64.ActiveCfg = Debug|x64
		{53E7498F-EB02-408F-8329-EB24277AD006}.Debug|x64.Build.0 = Debug|x64
		{53E7498F-EB02-408F-8329-EB24277AD006}.Debug|x86.ActiveCfg = Debug|Win32
		{53E7498F-EB02-408F-8329-EB24277AD006}.Debug|x86.Build.0 = Debug|Win32
		{53E7498F-EB02-408F-8329-EB24277AD006}.Release|x64.ActiveCfg = Release|x64
		{53E7498F-EB02-408F-8329-EB24277AD006}.Release|x64.Build.0 = Release|x64
		{53E7498F-EB02-408F-8329-EB24277AD006}.Release|x86.ActiveCfg = Release|Win32
		{53E7498F-EB02-408F-8329-EB24277AD006}.Release|x86.Build.0 = Release|Win32
		{8F2F11A0-71CC-45F7-A363-B354CF9D7DA6}.Debug|x64.ActiveCfg = Debug|x64
		{8F2F11A0-71CC-45F7-A363-B354CF9D7DA6}.Debug|x64.Build.0 = Debug|x64
		{8F2F11A0-71CC-45F7-A363-B354CF9D7DA6}.Debug|x86.ActiveCfg = Debug|Win32
		{8F2F11A0-71CC-45F7-A363-B354CF9D7DA6}.Debug|x86.Build.0 = Debug|Win32
		{8F2F11A0-71CC-45F7-A363-B354CF9D7DA6}.Release|x64.ActiveCfg = Release|x64
		{8F2F11A0-71CC-45F7-A363-B354CF9D7DA6}.Release|x64.Build.0 = Release|x64
		{8F2F11A0-71CC-45F7-A363-B354CF9D7DA6}.Release|x86.ActiveCfg = Release|Win32
		{8F2F11A0-71CC-45F7-A363-B354CF9D7DA6}.Release|x86.Build.0 = Release|Win32
		{04234705-5704-4D1A-B6BB-AFC4D889B94C}.Debug|x64.ActiveCfg = Debug|x64
		{04234705-5704-4D1A-B6BB-AFC4D889B94C}.Debug|x64.Build.0 = Debug|x64
		{04234705-5704-4D1A-B6BB-AFC4D889B94C}.Debug|x86.ActiveCfg = Debug|Win32
		{04234705-5704-4D1A-B6BB-AFC4D889B94C}.Debug|x86.Build.0 = Debug|Win32
		{04234705-5704-4D1A-B6BB-AFC4D889B94C}.Release|x64.ActiveCfg = Release|x64
		{04234705-5704-4D1A-B6BB-AFC4D889B94C}.Release|x64.Build.0 = Release|x64
		{04234705-5704-4D1A-B6BB-AFC4D889B94C}.Release|x86.ActiveCfg = Release|Win32
		{04234705-5704-4D1A-B6BB-AFC4D889B94C}.Release|x86.Build.0 = Release|Win32
		{8C46C845-A903-41DF-A9C3-6175F46D5981}.Debug|x64.ActiveCfg = Debug|x64
		{8C46C845-A903-41DF-A9C3-6175F46D5981}.Debug|x64.Build.0 = Debug|x64
		{8C46C845-A903-41DF-A9C3-6175F46D5981}.Debug|x86.ActiveCfg = Debug|Win32
		{8C46C845-A903-41DF-A9C3-6175F46D5981}.Debug|x86.Build.0 = Debug|Win32
		{8C46C845-A903-41DF-A9C3-6175F46D5981}.Release|x64.ActiveCfg = Release|x64
		{8C46C845-A903-41DF-A9C3-6175F46D5981}.Release|x64.Build.0 = Release|x64
		{8C46C845-A903-41DF-A9C3-6175F46D5981}.Release|x86.ActiveCfg = Release|Win32
		{8C46C845-A903-41DF-A9C3-6175F46D5981}.Release|x86.Build.0 = Release|Win32
		{78BA6635-510A-417F-A43C-CEACD092693A}.Debug|x64.ActiveCfg = Debug|x64
		{78BA6635-510A-417F-A43C-CEACD092693A}.Debug|x64.Build.0 = Debug|x64
		{78BA6635-510A-417F-A43C-CEACD092693A}.Debug|x86.ActiveCfg = Debug|Win32
		{78BA6635-510A-417F-A43C-CEACD092693A}.Debug|x86.Build.0 = Debug|Win32
		{78BA6635-510A-417F-A43C-CEACD092693A}.Release|x64.ActiveCfg = Release|x64
		{78BA6635-510A-417F-A43C-CEACD092693A}.Release|x64.Build.0 = Release|x64
		{78BA6635-510A-417F-A43C-CEACD092693A}.Release|x86.ActiveCfg = Release|Win32
		{78BA6635-510A-417F-A43C-CEACD092693A}.Release|x86.Build.0 = Release|Win32
		{24F8403D-7F38-4D4E-9867-AE57304EA6C1}.Debug|x64.ActiveCfg = Debug|x64
		{24F8403D-7F38-4D4E-9867-AE57304EA6C1}.Debug|x64.Build.0 = Debug|x64
		{24F8403D-7F38-4D4E-9867-AE57304EA6C1}.Debug|x86.ActiveCfg = Debug|Win32
		{24F8403D-7F38-4D4E-9867-AE57304EA6C1}.Debug|x86.Build.0 = Debug|Win32
		{24F8403D-7F38-4D4E-9867-AE57304EA6C1}.Release|x64.ActiveCfg = Release|x64
		{24F8403D-7F38-4D4E-9867-AE57304EA6C1}.Release|x64.Build.0 = Release|x64
		{24F8403D-7F38-4D4E-9867-AE57304EA6C1}.Release|x86.ActiveCfg = Release|Win32
		{24F8403D-7F38-4D4E-9867-AE57304EA6C1}.Release|x86.Build.0 = Release|Win32
		{EC655EE8-C285-4540-A152-DBA119262148}.Debug|x64.ActiveCfg = Debug|x64
		{EC655EE8-C285-4540-A152-DBA119262148}.Debug|x64.Build.0 = Debug|x64
		{EC655EE8-C285-4540-A152-DBA119262148}.Debug|x86.ActiveCfg = Debug|Win32
		{EC655EE8-C285-4540-A152-DBA119262148}.Debug|x86.Build.0 = Debug|Win32
		{EC655EE8-C285-4540-A152-DBA119262148}.Release|x64.ActiveCfg = Release|x64
		{EC655EE8-C285-4540-A152-DBA119262148}.Release|x64.Build.0 = Release|x64
		{EC655EE8-C285-4540-A152-DBA119262148}.Release|x86.ActiveCfg = Release|Win32
		{EC655EE8-C285-4540-A152-DBA119262148}.Release|x86.Build.0 = Release|Win32
		{E072EB0E-F212-487C-9292-F62845BE9722}.Debug|x64.ActiveCfg = Debug|x64
		{E072EB0E-F212-487C-9292-F62845BE9722}.Debug|x64.Build.0 = Debug|x64
		{E072EB0E-F212-487C-9292-F62845BE9722}.Debug|x86.ActiveCfg = Debug|Win32
		{E072EB0E-F212-487C-9292-F62845BE9722}.Debug|x86.Build.0 = Debug|Win32
		{E072EB0E-F212-487C-9292-F62845BE9722}.Release|x64.ActiveCfg = Release|x64
		{E072EB0E-F212-487C-9292-F62845BE9722}.Release|x64.Build.0 = Release|x64
		{E072EB0E-F212-487C-9292-F62845BE9722}.Release|x86.ActiveCfg = Release|Win32
		{E072EB0E-F212-487C-9292-F62845BE9722}.Release|x86.Build.0 = Release|Win32
		{339BB42A-10FD-44A4-AEAA-4560685B5D85}.Debug|x64.ActiveCfg = Debug|x64
		{339BB42A-10FD-44A4-AEAA-4560685B5D85}.Debug|x64.Build.0 = Debug|x64
		{339BB42A-10FD-44A4-AEAA-4560685B5D85}.Debug|x86.ActiveCfg = Debug|Win32
		{339BB42A-10FD-44A4-AEAA-4560685B5D85}.Debug|x86.Build.0 = Debug|Win32
		{339BB42A-10FD-44A4-AEAA-4560685B5D85}.Release|x64.ActiveCfg = Release|x64
		{339BB42A-10FD-44A4-AEAA-4560685B5D85}.Release|x64.Build.0 = Release|x64
		{339BB42A-10FD-44A4-AEAA-4560685B5D85}.Release|x86.ActiveCfg = Release|Win32
		{339BB42A-10FD-44A4-AEAA-4560685B5D85}.Release|x86.Build.0 = Release|Win32
		{2155E465-B29F-49E6-ABEB-1723CB228DD6}.Debug|x64.ActiveCfg = Debug|x64
		{2155E465-B29F-49E6-ABEB-1723CB228DD6}.Debug|x64.Build.0 = Debug|x64
		{2155E465-B29F-49E6-ABEB-1723CB228DD6}.Debug|x86.ActiveCfg = Debug|Win32
		{2155E465-B29F-49E6-ABEB-1723CB228DD6}.Debug|x86.Build.0 = Debug|Win32
		{2155E465-B29F-49E6-ABEB-1723CB228DD6}.Release|x64.ActiveCfg = Release|x64
		{2155E465-B29F-49E6-ABEB-1723CB228DD6}.Release|x64.Build.0 = Release|x64
		{2155E465-B29F-49E6-ABEB-1723CB228DD6}.Release|x86.ActiveCfg = Release|Win32
		{2155E465-B29F-49E6-ABEB-1723CB228DD6}.Release|x86.Build.0 = Release|Win32
		{A42B9958-2DD6-4FC5-B539-DEB5865E70CB}.Debug|x64.ActiveCfg = Debug|x64
		{A42B9958-2DD6-4FC5-B539-DEB5865E70CB}.Debug|x64.Build.0 = Debug|x64
		{A42B9958-2DD6-4FC5-B539-DEB5865E70CB}.Debug|x86.ActiveCfg = Debug|Win32
		{A42B9958-2DD6-4FC5-B539-DEB5865E70CB}.Debug|x86.Build.0 = Debug|Win32
		{A42B9958-2DD6-4FC5-B539-DEB5865E70CB}.Release|x64.ActiveCfg = Release|x64
		{A42B9958-2DD6-4FC5-B539-DEB5865E70CB}.Release|x64.Build.0 = Release|x64
		{A42B9958-2DD6-4FC5-B539-DEB5865E70CB}.Release|x86.ActiveCfg = Release|Win32
		{A42B9958-2DD6-4FC5-B539-DEB5865E70CB}.Release|x86.Build.0 = Release|Win32
		{416F020E-B73A-4AC8-865A-E8EEDD28C76F}.Debug|x64.ActiveCfg = Debug|x64
		{416F020E-B73A-4AC8-865A-E8EEDD28C76F}.Debug|x64.Build.0 = Debug|x64
		{416F020E-B73A-4AC8-865A-E8EEDD28C76F}.Debug|x86.ActiveCfg = Debug|Win32
		{416F020E-B73A-4AC8-865A-E8EEDD28C76F}.Debug|x86.Build.0 = Debug|Win32
		{416F020E-B73A-4AC8-865A-E8EEDD28C76F}.Release|x64.ActiveCfg = Release|x64
		{416F020E-B73A-4AC8-865A-E8EEDD28C76F}.Release|x64.Build.0 = Release|x64
		{416F020E-B73A-4AC8-865A-E8EEDD28C76F}.Release|x86.ActiveCfg = Release|Win32
		{416F020E-B73A-4AC8-865A-E8EEDD28C76F}.Release|x86.Build.0 = Release|Win32
	EndGlobalSection
	GlobalSection(SolutionProperties) = preSolution
		HideSolutionNode = FALSE
	EndGlobalSection
	GlobalSection(NestedProjects) = preSolution
		{B44D0C14-BA4B-4CC4-9FF3-5669CE69726A} = {CD9C0DE0-816E-4489-AD8A-7FFFAFD42CEC}
		{3B6E9B61-D954-40AA-B8D7-03C2EEAD6052} = {4CAEA7D1-B64B-472D-9E39-6789F6A73002}
		{C614FDD6-6BBC-4D62-88B0-891CDF3DB563} = {CD9C0DE0-816E-4489-AD8A-7FFFAFD42CEC}
		{59E6F822-51E5-4CB4-B632-FF31A44DE651} = {CD9C0DE0-816E-4489-AD8A-7FFFAFD42CEC}
		{4A00EBDD-6005-4FAE-8344-C2EDE3B3A2C7} = {CD9C0DE0-816E-4489-AD8A-7FFFAFD42CEC}
		{6AE87483-0785-4CD0-8195-4B6AB8FD23A1} = {CD9C0DE0-816E-4489-AD8A-7FFFAFD42CEC}
		{C19F643D-352E-4722-8DBB-99AD7E9292B9} = {CD9C0DE0-816E-4489-AD8A-7FFFAFD42CEC}
		{EC5DC467-32FA-433C-A784-C041657389E2} = {CD9C0DE0-816E-4489-AD8A-7FFFAFD42CEC}
		{09F791DC-2F62-4DE0-94E3-81E934B3C99A} = {CD9C0DE0-816E-4489-AD8A-7FFFAFD42CEC}
		{6ADED982-085B-403E-BE01-475058125DCE} = {4CAEA7D1-B64B-472D-9E39-6789F6A73002}
		{4660EE83-1863-4FDE-BEC3-3283A6A4AA51} = {BE00679B-3091-402A-AC55-4A6BCAD41CCB}
		{BB379296-75A4-40FB-A46B-10BC1FC6164C} = {BD8AEF94-1419-4D86-99B0-5FD46A80927B}
		{4EDC8550-188D-4927-B5DF-B7F4630ABD8C} = {BD8AEF94-1419-4D86-99B0-5FD46A80927B}
		{7D16BB1D-F953-4709-B83A-4091D18C1FFC} = {BD8AEF94-1419-4D86-99B0-5FD46A80927B}
		{DBB3457D-9B4E-4D03-9DF7-3B51179268FA} = {BD8AEF94-1419-4D86-99B0-5FD46A80927B}
		{62F64CCD-EDAD-4438-BC9F-F1B419669D54} = {BD8AEF94-1419-4D86-99B0-5FD46A80927B}
		{C6A97133-3EA8-4A98-80FA-E9A225AD4773} = {BD8AEF94-1419-4D86-99B0-5FD46A80927B}
		{9171CA47-9C3D-4219-B85D-B851FAC5FD06} = {BD8AEF94-1419-4D86-99B0-5FD46A80927B}
		{A8D8F730-5FEF-4C4E-B036-8AC6B423DBD0} = {BD8AEF94-1419-4D86-99B0-5FD46A80927B}
		{AB3F2C5C-2D92-4F34-B8B1-0FFC83C9BF38} = {BD8AEF94-1419-4D86-99B0-5FD46A80927B}
		{9C01A9F9-6B7A-452A-A66A-22B9616EC38A} = {BD8AEF94-1419-4D86-99B0-5FD46A80927B}
		{7387D535-0698-4117-AA0D-F5585513CC57} = {BE00679B-3091-402A-AC55-4A6BCAD41CCB}
		{9048BB88-FFCE-4EE5-9668-910A161F0AEB} = {BE00679B-3091-402A-AC55-4A6BCAD41CCB}
		{20735E48-F115-4B74-82A0-DDE97416AF44} = {BE00679B-3091-402A-AC55-4A6BCAD41CCB}
		{75D0BDC0-8F4F-45BF-9120-315A0EC1BC76} = {BE00679B-3091-402A-AC55-4A6BCAD41CCB}
		{8F52647F-91E1-4EE7-9C8B-36EE1D79508C} = {BE00679B-3091-402A-AC55-4A6BCAD41CCB}
		{8B15A620-9A35-48DD-9888-85518FAD0ADD} = {BE00679B-3091-402A-AC55-4A6BCAD41CCB}
		{C866FD5E-D137-4A60-803D-9AD66F92DB12} = {BD8AEF94-1419-4D86-99B0-5FD46A80927B}
		{2E1E10DC-7914-4E9C-A155-32C1BFBB7A22} = {BE00679B-3091-402A-AC55-4A6BCAD41CCB}
		{0E843AC3-8390-4BD3-BDD8-E9E946DD4891} = {BE00679B-3091-402A-AC55-4A6BCAD41CCB}
		{8CA58288-3AD1-46A2-B47C-8EBEB1E9702F} = {BE00679B-3091-402A-AC55-4A6BCAD41CCB}
		{94529447-6382-467D-8701-A7F449A56707} = {BE00679B-3091-402A-AC55-4A6BCAD41CCB}
		{09CD71BA-2709-4E9E-B2CD-18FEA72223A5} = {BE00679B-3091-402A-AC55-4A6BCAD41CCB}
		{FFCF1B66-9490-4784-A7B5-1A8FD7ECFEA4} = {BE00679B-3091-402A-AC55-4A6BCAD41CCB}
		{77FD6A9A-11B6-4EAB-BCFD-C64095FBFFDC} = {BE00679B-3091-402A-AC55-4A6BCAD41CCB}
		{A9C5B023-D004-4D83-B027-880FADA24D64} = {BE00679B-3091-402A-AC55-4A6BCAD41CCB}
		{9540537F-8106-4B1A-9E46-D228449B5183} = {BE00679B-3091-402A-AC55-4A6BCAD41CCB}
		{66CB6200-1154-4C51-948D-A3E3EBCB7DF6} = {BE00679B-3091-402A-AC55-4A6BCAD41CCB}
		{8D2DD41A-F831-4B76-AD15-08CFD8F53F20} = {BE00679B-3091-402A-AC55-4A6BCAD41CCB}
		{A2DEB5BE-F3BA-49B1-B344-7C63200390D5} = {BE00679B-3091-402A-AC55-4A6BCAD41CCB}
		{823573E1-5472-49A2-BECC-BA1182748A08} = {BE00679B-3091-402A-AC55-4A6BCAD41CCB}
		{C1027DD0-1504-45F7-BC56-C6F609A92FA5} = {BD8AEF94-1419-4D86-99B0-5FD46A80927B}
		{5F85EA87-FC70-405B-9A35-15231B7CEC14} = {BD8AEF94-1419-4D86-99B0-5FD46A80927B}
		{114B4269-8A63-4540-A14E-1D8B537F204A} = {BE00679B-3091-402A-AC55-4A6BCAD41CCB}
		{BD8AEF94-1419-4D86-99B0-5FD46A80927B} = {2D4E830C-8C99-4DE9-A551-D994EA2EF16A}
		{BE00679B-3091-402A-AC55-4A6BCAD41CCB} = {2D4E830C-8C99-4DE9-A551-D994EA2EF16A}
		{4CAEA7D1-B64B-472D-9E39-6789F6A73002} = {2D4E830C-8C99-4DE9-A551-D994EA2EF16A}
		{84D0C79E-AF37-4FEA-BF65-1FB4337B2EDB} = {BE00679B-3091-402A-AC55-4A6BCAD41CCB}
		{48D8F028-AE5F-4BCA-B02B-2B682C6F5D36} = {BE00679B-3091-402A-AC55-4A6BCAD41CCB}
		{CA1013D7-A1A1-4A17-9000-D0447419A103} = {BE00679B-3091-402A-AC55-4A6BCAD41CCB}
		{27437B37-C9AE-4CBC-A859-04BCC435499F} = {BE00679B-3091-402A-AC55-4A6BCAD41CCB}
		{03C780A6-0478-4746-AF00-3D3C7F88DE04} = {BE00679B-3091-402A-AC55-4A6BCAD41CCB}
		{35751665-EB94-4A3F-A5F2-1A4157AA6D86} = {BE00679B-3091-402A-AC55-4A6BCAD41CCB}
		{77AA62E4-AC91-4975-951A-BDA38A74E5FF} = {BE00679B-3091-402A-AC55-4A6BCAD41CCB}
		{AE919F8B-B959-4221-B22D-C4CCA987FAA9} = {BE00679B-3091-402A-AC55-4A6BCAD41CCB}
		{493E015F-6D09-40DD-BA70-6BDFD8EE36D6} = {BE00679B-3091-402A-AC55-4A6BCAD41CCB}
		{C2BA2BA2-F642-4241-A882-DCCB9AEE7072} = {BE00679B-3091-402A-AC55-4A6BCAD41CCB}
		{453589B4-F023-4688-BA3B-47CE409EA359} = {BE00679B-3091-402A-AC55-4A6BCAD41CCB}
		{53E7498F-EB02-408F-8329-EB24277AD006} = {BE00679B-3091-402A-AC55-4A6BCAD41CCB}
		{8F2F11A0-71CC-45F7-A363-B354CF9D7DA6} = {BE00679B-3091-402A-AC55-4A6BCAD41CCB}
		{04234705-5704-4D1A-B6BB-AFC4D889B94C} = {BE00679B-3091-402A-AC55-4A6BCAD41CCB}
		{8C46C845-A903-41DF-A9C3-6175F46D5981} = {BE00679B-3091-402A-AC55-4A6BCAD41CCB}
		{78BA6635-510A-417F-A43C-CEACD092693A} = {BE00679B-3091-402A-AC55-4A6BCAD41CCB}
		{24F8403D-7F38-4D4E-9867-AE57304EA6C1} = {BE00679B-3091-402A-AC55-4A6BCAD41CCB}
		{EC655EE8-C285-4540-A152-DBA119262148} = {BE00679B-3091-402A-AC55-4A6BCAD41CCB}
		{E072EB0E-F212-487C-9292-F62845BE9722} = {BE00679B-3091-402A-AC55-4A6BCAD41CCB}
		{339BB42A-10FD-44A4-AEAA-4560685B5D85} = {BE00679B-3091-402A-AC55-4A6BCAD41CCB}
		{2155E465-B29F-49E6-ABEB-1723CB228DD6} = {BE00679B-3091-402A-AC55-4A6BCAD41CCB}
		{A42B9958-2DD6-4FC5-B539-DEB5865E70CB} = {BE00679B-3091-402A-AC55-4A6BCAD41CCB}
		{416F020E-B73A-4AC8-865A-E8EEDD28C76F} = {BE00679B-3091-402A-AC55-4A6BCAD41CCB}
	EndGlobalSection
	GlobalSection(ExtensibilityGlobals) = postSolution
		SolutionGuid = {BCB0CEF5-144C-4C9B-BA49-3C09B5ACAAF0}
	EndGlobalSection
EndGlobal
