
Microsoft Visual Studio Solution File, Format Version 12.00
# Visual Studio Version 16
VisualStudioVersion = 16.0.30011.22
MinimumVisualStudioVersion = 10.0.40219.1
Project("{8BC9CEB8-8B4A-11D0-8D11-00A0C91BC942}") = "Dbc", "CStudyProj.vcxproj", "{B44D0C14-BA4B-4CC4-9FF3-5669CE69726A}"
EndProject
Project("{8BC9CEB8-8B4A-11D0-8D11-00A0C91BC942}") = "Dojang-58.2", "..\Dojang_58.2\Dojang_58.2.vcxproj", "{3B6E9B61-D954-40AA-B8D7-03C2EEAD6052}"
EndProject
Project("{8BC9CEB8-8B4A-11D0-8D11-00A0C91BC942}") = "Dbc-14.5", "..\Dbc_n\Dbc_n.vcxproj", "{C614FDD6-6BBC-4D62-88B0-891CDF3DB563}"
EndProject
Project("{8BC9CEB8-8B4A-11D0-8D11-00A0C91BC942}") = "Dbc-14.6_A", "..\Dbc-14.6\Dbc-14.6.vcxproj", "{59E6F822-51E5-4CB4-B632-FF31A44DE651}"
EndProject
Project("{8BC9CEB8-8B4A-11D0-8D11-00A0C91BC942}") = "Dbc-14.6_B", "..\Dbc-14.6_B\Dbc-14.6_B.vcxproj", "{4A00EBDD-6005-4FAE-8344-C2EDE3B3A2C7}"
EndProject
Project("{8BC9CEB8-8B4A-11D0-8D11-00A0C91BC942}") = "Dbc-14.6_C", "..\Dbc-14.6_C\Dbc-14.6_C.vcxproj", "{6AE87483-0785-4CD0-8195-4B6AB8FD23A1}"
EndProject
Project("{8BC9CEB8-8B4A-11D0-8D11-00A0C91BC942}") = "Dbc-14.7", "..\Dbc-14.7\Dbc-14.7.vcxproj", "{C19F643D-352E-4722-8DBB-99AD7E9292B9}"
EndProject
Project("{8BC9CEB8-8B4A-11D0-8D11-00A0C91BC942}") = "Dbc-14.8_A", "..\Dbc-14.8\Dbc-14.8.vcxproj", "{EC5DC467-32FA-433C-A784-C041657389E2}"
EndProject
Project("{8BC9CEB8-8B4A-11D0-8D11-00A0C91BC942}") = "Dbc-14.8_B", "..\Dbc-14.8_B\Dbc-14.8_B.vcxproj", "{09F791DC-2F62-4DE0-94E3-81E934B3C99A}"
EndProject
Project("{8BC9CEB8-8B4A-11D0-8D11-00A0C91BC942}") = "Dojang-49", "..\Dojang-49\Dojang-49.vcxproj", "{6ADED982-085B-403E-BE01-475058125DCE}"
EndProject
Project("{8BC9CEB8-8B4A-11D0-8D11-00A0C91BC942}") = "Dojang-26", "..\Dojang-26\Dojang-26.vcxproj", "{4660EE83-1863-4FDE-BEC3-3283A6A4AA51}"
EndProject
Project("{8BC9CEB8-8B4A-11D0-8D11-00A0C91BC942}") = "Dojang-17.8", "..\Dojang-17.8\Dojang-17.8.vcxproj", "{BB379296-75A4-40FB-A46B-10BC1FC6164C}"
EndProject
Project("{8BC9CEB8-8B4A-11D0-8D11-00A0C91BC942}") = "Dojang-18.4", "..\Dojang-18.4\Dojang-18.4.vcxproj", "{4EDC8550-188D-4927-B5DF-B7F4630ABD8C}"
EndProject
Project("{8BC9CEB8-8B4A-11D0-8D11-00A0C91BC942}") = "18.7", "..\18.7\18.7.vcxproj", "{7D16BB1D-F953-4709-B83A-4091D18C1FFC}"
EndProject
Project("{8BC9CEB8-8B4A-11D0-8D11-00A0C91BC942}") = "18.10", "..\18.10\18.10.vcxproj", "{DBB3457D-9B4E-4D03-9DF7-3B51179268FA}"
EndProject
Project("{8BC9CEB8-8B4A-11D0-8D11-00A0C91BC942}") = "Dojang-19.1", "..\Dojang-19.1\Dojang-19.1.vcxproj", "{62F64CCD-EDAD-4438-BC9F-F1B419669D54}"
EndProject
Project("{8BC9CEB8-8B4A-11D0-8D11-00A0C91BC942}") = "Dojang-19.5", "..\Dojang-19.5\Dojang-19.5.vcxproj", "{C6A97133-3EA8-4A98-80FA-E9A225AD4773}"
EndProject
Project("{8BC9CEB8-8B4A-11D0-8D11-00A0C91BC942}") = "Dojang-20.6", "..\Dojang-20.6\Dojang-20.6.vcxproj", "{9171CA47-9C3D-4219-B85D-B851FAC5FD06}"
EndProject
Project("{8BC9CEB8-8B4A-11D0-8D11-00A0C91BC942}") = "Dojang-20.7", "..\Dojang-20.7\Dojang-20.7.vcxproj", "{A8D8F730-5FEF-4C4E-B036-8AC6B423DBD0}"
EndProject
Project("{8BC9CEB8-8B4A-11D0-8D11-00A0C91BC942}") = "Dojang-20.8", "..\Dojang-20.8\Dojang-20.8.vcxproj", "{AB3F2C5C-2D92-4F34-B8B1-0FFC83C9BF38}"
EndProject
Project("{8BC9CEB8-8B4A-11D0-8D11-00A0C91BC942}") = "Dojang-20.9", "..\20.9\20.9.vcxproj", "{9C01A9F9-6B7A-452A-A66A-22B9616EC38A}"
EndProject
Project("{8BC9CEB8-8B4A-11D0-8D11-00A0C91BC942}") = "Dojang-21.5", "..\Dojang-21.5\Dojang-21.5.vcxproj", "{7387D535-0698-4117-AA0D-F5585513CC57}"
EndProject
Project("{8BC9CEB8-8B4A-11D0-8D11-00A0C91BC942}") = "Dojang-27.11", "..\Dojang-27.11\Dojang-27.11.vcxproj", "{9048BB88-FFCE-4EE5-9668-910A161F0AEB}"
EndProject
Project("{8BC9CEB8-8B4A-11D0-8D11-00A0C91BC942}") = "Dojang-28.1", "..\Dojang-28.1\Dojang-28.1.vcxproj", "{20735E48-F115-4B74-82A0-DDE97416AF44}"
EndProject
Project("{8BC9CEB8-8B4A-11D0-8D11-00A0C91BC942}") = "Dojang-28.5", "..\Dojang-28.5\Dojang-28.5.vcxproj", "{75D0BDC0-8F4F-45BF-9120-315A0EC1BC76}"
EndProject
Project("{8BC9CEB8-8B4A-11D0-8D11-00A0C91BC942}") = "Dojang-28.6", "..\Dojang-28\Dojang-28.vcxproj", "{8F52647F-91E1-4EE7-9C8B-36EE1D79508C}"
EndProject
Project("{8BC9CEB8-8B4A-11D0-8D11-00A0C91BC942}") = "28.10", "..\28.10\28.10.vcxproj", "{8B15A620-9A35-48DD-9888-85518FAD0ADD}"
EndProject
Global
	GlobalSection(SolutionConfigurationPlatforms) = preSolution
		Debug|x64 = Debug|x64
		Debug|x86 = Debug|x86
		Release|x64 = Release|x64
		Release|x86 = Release|x86
	EndGlobalSection
	GlobalSection(ProjectConfigurationPlatforms) = postSolution
		{B44D0C14-BA4B-4CC4-9FF3-5669CE69726A}.Debug|x64.ActiveCfg = Debug|x64
		{B44D0C14-BA4B-4CC4-9FF3-5669CE69726A}.Debug|x64.Build.0 = Debug|x64
		{B44D0C14-BA4B-4CC4-9FF3-5669CE69726A}.Debug|x86.ActiveCfg = Debug|Win32
		{B44D0C14-BA4B-4CC4-9FF3-5669CE69726A}.Debug|x86.Build.0 = Debug|Win32
		{B44D0C14-BA4B-4CC4-9FF3-5669CE69726A}.Release|x64.ActiveCfg = Release|x64
		{B44D0C14-BA4B-4CC4-9FF3-5669CE69726A}.Release|x64.Build.0 = Release|x64
		{B44D0C14-BA4B-4CC4-9FF3-5669CE69726A}.Release|x86.ActiveCfg = Release|Win32
		{B44D0C14-BA4B-4CC4-9FF3-5669CE69726A}.Release|x86.Build.0 = Release|Win32
		{3B6E9B61-D954-40AA-B8D7-03C2EEAD6052}.Debug|x64.ActiveCfg = Debug|x64
		{3B6E9B61-D954-40AA-B8D7-03C2EEAD6052}.Debug|x64.Build.0 = Debug|x64
		{3B6E9B61-D954-40AA-B8D7-03C2EEAD6052}.Debug|x86.ActiveCfg = Debug|Win32
		{3B6E9B61-D954-40AA-B8D7-03C2EEAD6052}.Debug|x86.Build.0 = Debug|Win32
		{3B6E9B61-D954-40AA-B8D7-03C2EEAD6052}.Release|x64.ActiveCfg = Release|x64
		{3B6E9B61-D954-40AA-B8D7-03C2EEAD6052}.Release|x64.Build.0 = Release|x64
		{3B6E9B61-D954-40AA-B8D7-03C2EEAD6052}.Release|x86.ActiveCfg = Release|Win32
		{3B6E9B61-D954-40AA-B8D7-03C2EEAD6052}.Release|x86.Build.0 = Release|Win32
		{C614FDD6-6BBC-4D62-88B0-891CDF3DB563}.Debug|x64.ActiveCfg = Debug|x64
		{C614FDD6-6BBC-4D62-88B0-891CDF3DB563}.Debug|x64.Build.0 = Debug|x64
		{C614FDD6-6BBC-4D62-88B0-891CDF3DB563}.Debug|x86.ActiveCfg = Debug|Win32
		{C614FDD6-6BBC-4D62-88B0-891CDF3DB563}.Debug|x86.Build.0 = Debug|Win32
		{C614FDD6-6BBC-4D62-88B0-891CDF3DB563}.Release|x64.ActiveCfg = Release|x64
		{C614FDD6-6BBC-4D62-88B0-891CDF3DB563}.Release|x64.Build.0 = Release|x64
		{C614FDD6-6BBC-4D62-88B0-891CDF3DB563}.Release|x86.ActiveCfg = Release|Win32
		{C614FDD6-6BBC-4D62-88B0-891CDF3DB563}.Release|x86.Build.0 = Release|Win32
		{59E6F822-51E5-4CB4-B632-FF31A44DE651}.Debug|x64.ActiveCfg = Debug|x64
		{59E6F822-51E5-4CB4-B632-FF31A44DE651}.Debug|x64.Build.0 = Debug|x64
		{59E6F822-51E5-4CB4-B632-FF31A44DE651}.Debug|x86.ActiveCfg = Debug|Win32
		{59E6F822-51E5-4CB4-B632-FF31A44DE651}.Debug|x86.Build.0 = Debug|Win32
		{59E6F822-51E5-4CB4-B632-FF31A44DE651}.Release|x64.ActiveCfg = Release|x64
		{59E6F822-51E5-4CB4-B632-FF31A44DE651}.Release|x64.Build.0 = Release|x64
		{59E6F822-51E5-4CB4-B632-FF31A44DE651}.Release|x86.ActiveCfg = Release|Win32
		{59E6F822-51E5-4CB4-B632-FF31A44DE651}.Release|x86.Build.0 = Release|Win32
		{4A00EBDD-6005-4FAE-8344-C2EDE3B3A2C7}.Debug|x64.ActiveCfg = Debug|x64
		{4A00EBDD-6005-4FAE-8344-C2EDE3B3A2C7}.Debug|x64.Build.0 = Debug|x64
		{4A00EBDD-6005-4FAE-8344-C2EDE3B3A2C7}.Debug|x86.ActiveCfg = Debug|Win32
		{4A00EBDD-6005-4FAE-8344-C2EDE3B3A2C7}.Debug|x86.Build.0 = Debug|Win32
		{4A00EBDD-6005-4FAE-8344-C2EDE3B3A2C7}.Release|x64.ActiveCfg = Release|x64
		{4A00EBDD-6005-4FAE-8344-C2EDE3B3A2C7}.Release|x64.Build.0 = Release|x64
		{4A00EBDD-6005-4FAE-8344-C2EDE3B3A2C7}.Release|x86.ActiveCfg = Release|Win32
		{4A00EBDD-6005-4FAE-8344-C2EDE3B3A2C7}.Release|x86.Build.0 = Release|Win32
		{6AE87483-0785-4CD0-8195-4B6AB8FD23A1}.Debug|x64.ActiveCfg = Debug|x64
		{6AE87483-0785-4CD0-8195-4B6AB8FD23A1}.Debug|x64.Build.0 = Debug|x64
		{6AE87483-0785-4CD0-8195-4B6AB8FD23A1}.Debug|x86.ActiveCfg = Debug|Win32
		{6AE87483-0785-4CD0-8195-4B6AB8FD23A1}.Debug|x86.Build.0 = Debug|Win32
		{6AE87483-0785-4CD0-8195-4B6AB8FD23A1}.Release|x64.ActiveCfg = Release|x64
		{6AE87483-0785-4CD0-8195-4B6AB8FD23A1}.Release|x64.Build.0 = Release|x64
		{6AE87483-0785-4CD0-8195-4B6AB8FD23A1}.Release|x86.ActiveCfg = Release|Win32
		{6AE87483-0785-4CD0-8195-4B6AB8FD23A1}.Release|x86.Build.0 = Release|Win32
		{C19F643D-352E-4722-8DBB-99AD7E9292B9}.Debug|x64.ActiveCfg = Debug|x64
		{C19F643D-352E-4722-8DBB-99AD7E9292B9}.Debug|x64.Build.0 = Debug|x64
		{C19F643D-352E-4722-8DBB-99AD7E9292B9}.Debug|x86.ActiveCfg = Debug|Win32
		{C19F643D-352E-4722-8DBB-99AD7E9292B9}.Debug|x86.Build.0 = Debug|Win32
		{C19F643D-352E-4722-8DBB-99AD7E9292B9}.Release|x64.ActiveCfg = Release|x64
		{C19F643D-352E-4722-8DBB-99AD7E9292B9}.Release|x64.Build.0 = Release|x64
		{C19F643D-352E-4722-8DBB-99AD7E9292B9}.Release|x86.ActiveCfg = Release|Win32
		{C19F643D-352E-4722-8DBB-99AD7E9292B9}.Release|x86.Build.0 = Release|Win32
		{EC5DC467-32FA-433C-A784-C041657389E2}.Debug|x64.ActiveCfg = Debug|x64
		{EC5DC467-32FA-433C-A784-C041657389E2}.Debug|x64.Build.0 = Debug|x64
		{EC5DC467-32FA-433C-A784-C041657389E2}.Debug|x86.ActiveCfg = Debug|Win32
		{EC5DC467-32FA-433C-A784-C041657389E2}.Debug|x86.Build.0 = Debug|Win32
		{EC5DC467-32FA-433C-A784-C041657389E2}.Release|x64.ActiveCfg = Release|x64
		{EC5DC467-32FA-433C-A784-C041657389E2}.Release|x64.Build.0 = Release|x64
		{EC5DC467-32FA-433C-A784-C041657389E2}.Release|x86.ActiveCfg = Release|Win32
		{EC5DC467-32FA-433C-A784-C041657389E2}.Release|x86.Build.0 = Release|Win32
		{09F791DC-2F62-4DE0-94E3-81E934B3C99A}.Debug|x64.ActiveCfg = Debug|x64
		{09F791DC-2F62-4DE0-94E3-81E934B3C99A}.Debug|x64.Build.0 = Debug|x64
		{09F791DC-2F62-4DE0-94E3-81E934B3C99A}.Debug|x86.ActiveCfg = Debug|Win32
		{09F791DC-2F62-4DE0-94E3-81E934B3C99A}.Debug|x86.Build.0 = Debug|Win32
		{09F791DC-2F62-4DE0-94E3-81E934B3C99A}.Release|x64.ActiveCfg = Release|x64
		{09F791DC-2F62-4DE0-94E3-81E934B3C99A}.Release|x64.Build.0 = Release|x64
		{09F791DC-2F62-4DE0-94E3-81E934B3C99A}.Release|x86.ActiveCfg = Release|Win32
		{09F791DC-2F62-4DE0-94E3-81E934B3C99A}.Release|x86.Build.0 = Release|Win32
		{6ADED982-085B-403E-BE01-475058125DCE}.Debug|x64.ActiveCfg = Debug|x64
		{6ADED982-085B-403E-BE01-475058125DCE}.Debug|x64.Build.0 = Debug|x64
		{6ADED982-085B-403E-BE01-475058125DCE}.Debug|x86.ActiveCfg = Debug|Win32
		{6ADED982-085B-403E-BE01-475058125DCE}.Debug|x86.Build.0 = Debug|Win32
		{6ADED982-085B-403E-BE01-475058125DCE}.Release|x64.ActiveCfg = Release|x64
		{6ADED982-085B-403E-BE01-475058125DCE}.Release|x64.Build.0 = Release|x64
		{6ADED982-085B-403E-BE01-475058125DCE}.Release|x86.ActiveCfg = Release|Win32
		{6ADED982-085B-403E-BE01-475058125DCE}.Release|x86.Build.0 = Release|Win32
		{4660EE83-1863-4FDE-BEC3-3283A6A4AA51}.Debug|x64.ActiveCfg = Debug|x64
		{4660EE83-1863-4FDE-BEC3-3283A6A4AA51}.Debug|x64.Build.0 = Debug|x64
		{4660EE83-1863-4FDE-BEC3-3283A6A4AA51}.Debug|x86.ActiveCfg = Debug|Win32
		{4660EE83-1863-4FDE-BEC3-3283A6A4AA51}.Debug|x86.Build.0 = Debug|Win32
		{4660EE83-1863-4FDE-BEC3-3283A6A4AA51}.Release|x64.ActiveCfg = Release|x64
		{4660EE83-1863-4FDE-BEC3-3283A6A4AA51}.Release|x64.Build.0 = Release|x64
		{4660EE83-1863-4FDE-BEC3-3283A6A4AA51}.Release|x86.ActiveCfg = Release|Win32
		{4660EE83-1863-4FDE-BEC3-3283A6A4AA51}.Release|x86.Build.0 = Release|Win32
		{BB379296-75A4-40FB-A46B-10BC1FC6164C}.Debug|x64.ActiveCfg = Debug|x64
		{BB379296-75A4-40FB-A46B-10BC1FC6164C}.Debug|x64.Build.0 = Debug|x64
		{BB379296-75A4-40FB-A46B-10BC1FC6164C}.Debug|x86.ActiveCfg = Debug|Win32
		{BB379296-75A4-40FB-A46B-10BC1FC6164C}.Debug|x86.Build.0 = Debug|Win32
		{BB379296-75A4-40FB-A46B-10BC1FC6164C}.Release|x64.ActiveCfg = Release|x64
		{BB379296-75A4-40FB-A46B-10BC1FC6164C}.Release|x64.Build.0 = Release|x64
		{BB379296-75A4-40FB-A46B-10BC1FC6164C}.Release|x86.ActiveCfg = Release|Win32
		{BB379296-75A4-40FB-A46B-10BC1FC6164C}.Release|x86.Build.0 = Release|Win32
		{4EDC8550-188D-4927-B5DF-B7F4630ABD8C}.Debug|x64.ActiveCfg = Debug|x64
		{4EDC8550-188D-4927-B5DF-B7F4630ABD8C}.Debug|x64.Build.0 = Debug|x64
		{4EDC8550-188D-4927-B5DF-B7F4630ABD8C}.Debug|x86.ActiveCfg = Debug|Win32
		{4EDC8550-188D-4927-B5DF-B7F4630ABD8C}.Debug|x86.Build.0 = Debug|Win32
		{4EDC8550-188D-4927-B5DF-B7F4630ABD8C}.Release|x64.ActiveCfg = Release|x64
		{4EDC8550-188D-4927-B5DF-B7F4630ABD8C}.Release|x64.Build.0 = Release|x64
		{4EDC8550-188D-4927-B5DF-B7F4630ABD8C}.Release|x86.ActiveCfg = Release|Win32
		{4EDC8550-188D-4927-B5DF-B7F4630ABD8C}.Release|x86.Build.0 = Release|Win32
		{7D16BB1D-F953-4709-B83A-4091D18C1FFC}.Debug|x64.ActiveCfg = Debug|x64
		{7D16BB1D-F953-4709-B83A-4091D18C1FFC}.Debug|x64.Build.0 = Debug|x64
		{7D16BB1D-F953-4709-B83A-4091D18C1FFC}.Debug|x86.ActiveCfg = Debug|Win32
		{7D16BB1D-F953-4709-B83A-4091D18C1FFC}.Debug|x86.Build.0 = Debug|Win32
		{7D16BB1D-F953-4709-B83A-4091D18C1FFC}.Release|x64.ActiveCfg = Release|x64
		{7D16BB1D-F953-4709-B83A-4091D18C1FFC}.Release|x64.Build.0 = Release|x64
		{7D16BB1D-F953-4709-B83A-4091D18C1FFC}.Release|x86.ActiveCfg = Release|Win32
		{7D16BB1D-F953-4709-B83A-4091D18C1FFC}.Release|x86.Build.0 = Release|Win32
		{DBB3457D-9B4E-4D03-9DF7-3B51179268FA}.Debug|x64.ActiveCfg = Debug|x64
		{DBB3457D-9B4E-4D03-9DF7-3B51179268FA}.Debug|x64.Build.0 = Debug|x64
		{DBB3457D-9B4E-4D03-9DF7-3B51179268FA}.Debug|x86.ActiveCfg = Debug|Win32
		{DBB3457D-9B4E-4D03-9DF7-3B51179268FA}.Debug|x86.Build.0 = Debug|Win32
		{DBB3457D-9B4E-4D03-9DF7-3B51179268FA}.Release|x64.ActiveCfg = Release|x64
		{DBB3457D-9B4E-4D03-9DF7-3B51179268FA}.Release|x64.Build.0 = Release|x64
		{DBB3457D-9B4E-4D03-9DF7-3B51179268FA}.Release|x86.ActiveCfg = Release|Win32
		{DBB3457D-9B4E-4D03-9DF7-3B51179268FA}.Release|x86.Build.0 = Release|Win32
		{62F64CCD-EDAD-4438-BC9F-F1B419669D54}.Debug|x64.ActiveCfg = Debug|x64
		{62F64CCD-EDAD-4438-BC9F-F1B419669D54}.Debug|x64.Build.0 = Debug|x64
		{62F64CCD-EDAD-4438-BC9F-F1B419669D54}.Debug|x86.ActiveCfg = Debug|Win32
		{62F64CCD-EDAD-4438-BC9F-F1B419669D54}.Debug|x86.Build.0 = Debug|Win32
		{62F64CCD-EDAD-4438-BC9F-F1B419669D54}.Release|x64.ActiveCfg = Release|x64
		{62F64CCD-EDAD-4438-BC9F-F1B419669D54}.Release|x64.Build.0 = Release|x64
		{62F64CCD-EDAD-4438-BC9F-F1B419669D54}.Release|x86.ActiveCfg = Release|Win32
		{62F64CCD-EDAD-4438-BC9F-F1B419669D54}.Release|x86.Build.0 = Release|Win32
		{C6A97133-3EA8-4A98-80FA-E9A225AD4773}.Debug|x64.ActiveCfg = Debug|x64
		{C6A97133-3EA8-4A98-80FA-E9A225AD4773}.Debug|x64.Build.0 = Debug|x64
		{C6A97133-3EA8-4A98-80FA-E9A225AD4773}.Debug|x86.ActiveCfg = Debug|Win32
		{C6A97133-3EA8-4A98-80FA-E9A225AD4773}.Debug|x86.Build.0 = Debug|Win32
		{C6A97133-3EA8-4A98-80FA-E9A225AD4773}.Release|x64.ActiveCfg = Release|x64
		{C6A97133-3EA8-4A98-80FA-E9A225AD4773}.Release|x64.Build.0 = Release|x64
		{C6A97133-3EA8-4A98-80FA-E9A225AD4773}.Release|x86.ActiveCfg = Release|Win32
		{C6A97133-3EA8-4A98-80FA-E9A225AD4773}.Release|x86.Build.0 = Release|Win32
		{9171CA47-9C3D-4219-B85D-B851FAC5FD06}.Debug|x64.ActiveCfg = Debug|x64
		{9171CA47-9C3D-4219-B85D-B851FAC5FD06}.Debug|x64.Build.0 = Debug|x64
		{9171CA47-9C3D-4219-B85D-B851FAC5FD06}.Debug|x86.ActiveCfg = Debug|Win32
		{9171CA47-9C3D-4219-B85D-B851FAC5FD06}.Debug|x86.Build.0 = Debug|Win32
		{9171CA47-9C3D-4219-B85D-B851FAC5FD06}.Release|x64.ActiveCfg = Release|x64
		{9171CA47-9C3D-4219-B85D-B851FAC5FD06}.Release|x64.Build.0 = Release|x64
		{9171CA47-9C3D-4219-B85D-B851FAC5FD06}.Release|x86.ActiveCfg = Release|Win32
		{9171CA47-9C3D-4219-B85D-B851FAC5FD06}.Release|x86.Build.0 = Release|Win32
		{A8D8F730-5FEF-4C4E-B036-8AC6B423DBD0}.Debug|x64.ActiveCfg = Debug|x64
		{A8D8F730-5FEF-4C4E-B036-8AC6B423DBD0}.Debug|x64.Build.0 = Debug|x64
		{A8D8F730-5FEF-4C4E-B036-8AC6B423DBD0}.Debug|x86.ActiveCfg = Debug|Win32
		{A8D8F730-5FEF-4C4E-B036-8AC6B423DBD0}.Debug|x86.Build.0 = Debug|Win32
		{A8D8F730-5FEF-4C4E-B036-8AC6B423DBD0}.Release|x64.ActiveCfg = Release|x64
		{A8D8F730-5FEF-4C4E-B036-8AC6B423DBD0}.Release|x64.Build.0 = Release|x64
		{A8D8F730-5FEF-4C4E-B036-8AC6B423DBD0}.Release|x86.ActiveCfg = Release|Win32
		{A8D8F730-5FEF-4C4E-B036-8AC6B423DBD0}.Release|x86.Build.0 = Release|Win32
		{AB3F2C5C-2D92-4F34-B8B1-0FFC83C9BF38}.Debug|x64.ActiveCfg = Debug|x64
		{AB3F2C5C-2D92-4F34-B8B1-0FFC83C9BF38}.Debug|x64.Build.0 = Debug|x64
		{AB3F2C5C-2D92-4F34-B8B1-0FFC83C9BF38}.Debug|x86.ActiveCfg = Debug|Win32
		{AB3F2C5C-2D92-4F34-B8B1-0FFC83C9BF38}.Debug|x86.Build.0 = Debug|Win32
		{AB3F2C5C-2D92-4F34-B8B1-0FFC83C9BF38}.Release|x64.ActiveCfg = Release|x64
		{AB3F2C5C-2D92-4F34-B8B1-0FFC83C9BF38}.Release|x64.Build.0 = Release|x64
		{AB3F2C5C-2D92-4F34-B8B1-0FFC83C9BF38}.Release|x86.ActiveCfg = Release|Win32
		{AB3F2C5C-2D92-4F34-B8B1-0FFC83C9BF38}.Release|x86.Build.0 = Release|Win32
		{9C01A9F9-6B7A-452A-A66A-22B9616EC38A}.Debug|x64.ActiveCfg = Debug|x64
		{9C01A9F9-6B7A-452A-A66A-22B9616EC38A}.Debug|x64.Build.0 = Debug|x64
		{9C01A9F9-6B7A-452A-A66A-22B9616EC38A}.Debug|x86.ActiveCfg = Debug|Win32
		{9C01A9F9-6B7A-452A-A66A-22B9616EC38A}.Debug|x86.Build.0 = Debug|Win32
		{9C01A9F9-6B7A-452A-A66A-22B9616EC38A}.Release|x64.ActiveCfg = Release|x64
		{9C01A9F9-6B7A-452A-A66A-22B9616EC38A}.Release|x64.Build.0 = Release|x64
		{9C01A9F9-6B7A-452A-A66A-22B9616EC38A}.Release|x86.ActiveCfg = Release|Win32
		{9C01A9F9-6B7A-452A-A66A-22B9616EC38A}.Release|x86.Build.0 = Release|Win32
		{7387D535-0698-4117-AA0D-F5585513CC57}.Debug|x64.ActiveCfg = Debug|x64
		{7387D535-0698-4117-AA0D-F5585513CC57}.Debug|x64.Build.0 = Debug|x64
		{7387D535-0698-4117-AA0D-F5585513CC57}.Debug|x86.ActiveCfg = Debug|Win32
		{7387D535-0698-4117-AA0D-F5585513CC57}.Debug|x86.Build.0 = Debug|Win32
		{7387D535-0698-4117-AA0D-F5585513CC57}.Release|x64.ActiveCfg = Release|x64
		{7387D535-0698-4117-AA0D-F5585513CC57}.Release|x64.Build.0 = Release|x64
		{7387D535-0698-4117-AA0D-F5585513CC57}.Release|x86.ActiveCfg = Release|Win32
		{7387D535-0698-4117-AA0D-F5585513CC57}.Release|x86.Build.0 = Release|Win32
		{9048BB88-FFCE-4EE5-9668-910A161F0AEB}.Debug|x64.ActiveCfg = Debug|x64
		{9048BB88-FFCE-4EE5-9668-910A161F0AEB}.Debug|x64.Build.0 = Debug|x64
		{9048BB88-FFCE-4EE5-9668-910A161F0AEB}.Debug|x86.ActiveCfg = Debug|Win32
		{9048BB88-FFCE-4EE5-9668-910A161F0AEB}.Debug|x86.Build.0 = Debug|Win32
		{9048BB88-FFCE-4EE5-9668-910A161F0AEB}.Release|x64.ActiveCfg = Release|x64
		{9048BB88-FFCE-4EE5-9668-910A161F0AEB}.Release|x64.Build.0 = Release|x64
		{9048BB88-FFCE-4EE5-9668-910A161F0AEB}.Release|x86.ActiveCfg = Release|Win32
		{9048BB88-FFCE-4EE5-9668-910A161F0AEB}.Release|x86.Build.0 = Release|Win32
		{20735E48-F115-4B74-82A0-DDE97416AF44}.Debug|x64.ActiveCfg = Debug|x64
		{20735E48-F115-4B74-82A0-DDE97416AF44}.Debug|x64.Build.0 = Debug|x64
		{20735E48-F115-4B74-82A0-DDE97416AF44}.Debug|x86.ActiveCfg = Debug|Win32
		{20735E48-F115-4B74-82A0-DDE97416AF44}.Debug|x86.Build.0 = Debug|Win32
		{20735E48-F115-4B74-82A0-DDE97416AF44}.Release|x64.ActiveCfg = Release|x64
		{20735E48-F115-4B74-82A0-DDE97416AF44}.Release|x64.Build.0 = Release|x64
		{20735E48-F115-4B74-82A0-DDE97416AF44}.Release|x86.ActiveCfg = Release|Win32
		{20735E48-F115-4B74-82A0-DDE97416AF44}.Release|x86.Build.0 = Release|Win32
		{75D0BDC0-8F4F-45BF-9120-315A0EC1BC76}.Debug|x64.ActiveCfg = Debug|x64
		{75D0BDC0-8F4F-45BF-9120-315A0EC1BC76}.Debug|x64.Build.0 = Debug|x64
		{75D0BDC0-8F4F-45BF-9120-315A0EC1BC76}.Debug|x86.ActiveCfg = Debug|Win32
		{75D0BDC0-8F4F-45BF-9120-315A0EC1BC76}.Debug|x86.Build.0 = Debug|Win32
		{75D0BDC0-8F4F-45BF-9120-315A0EC1BC76}.Release|x64.ActiveCfg = Release|x64
		{75D0BDC0-8F4F-45BF-9120-315A0EC1BC76}.Release|x64.Build.0 = Release|x64
		{75D0BDC0-8F4F-45BF-9120-315A0EC1BC76}.Release|x86.ActiveCfg = Release|Win32
		{75D0BDC0-8F4F-45BF-9120-315A0EC1BC76}.Release|x86.Build.0 = Release|Win32
		{8F52647F-91E1-4EE7-9C8B-36EE1D79508C}.Debug|x64.ActiveCfg = Debug|x64
		{8F52647F-91E1-4EE7-9C8B-36EE1D79508C}.Debug|x64.Build.0 = Debug|x64
		{8F52647F-91E1-4EE7-9C8B-36EE1D79508C}.Debug|x86.ActiveCfg = Debug|Win32
		{8F52647F-91E1-4EE7-9C8B-36EE1D79508C}.Debug|x86.Build.0 = Debug|Win32
		{8F52647F-91E1-4EE7-9C8B-36EE1D79508C}.Release|x64.ActiveCfg = Release|x64
		{8F52647F-91E1-4EE7-9C8B-36EE1D79508C}.Release|x64.Build.0 = Release|x64
		{8F52647F-91E1-4EE7-9C8B-36EE1D79508C}.Release|x86.ActiveCfg = Release|Win32
		{8F52647F-91E1-4EE7-9C8B-36EE1D79508C}.Release|x86.Build.0 = Release|Win32
		{8B15A620-9A35-48DD-9888-85518FAD0ADD}.Debug|x64.ActiveCfg = Debug|x64
		{8B15A620-9A35-48DD-9888-85518FAD0ADD}.Debug|x64.Build.0 = Debug|x64
		{8B15A620-9A35-48DD-9888-85518FAD0ADD}.Debug|x86.ActiveCfg = Debug|Win32
		{8B15A620-9A35-48DD-9888-85518FAD0ADD}.Debug|x86.Build.0 = Debug|Win32
		{8B15A620-9A35-48DD-9888-85518FAD0ADD}.Release|x64.ActiveCfg = Release|x64
		{8B15A620-9A35-48DD-9888-85518FAD0ADD}.Release|x64.Build.0 = Release|x64
		{8B15A620-9A35-48DD-9888-85518FAD0ADD}.Release|x86.ActiveCfg = Release|Win32
		{8B15A620-9A35-48DD-9888-85518FAD0ADD}.Release|x86.Build.0 = Release|Win32
	EndGlobalSection
	GlobalSection(SolutionProperties) = preSolution
		HideSolutionNode = FALSE
	EndGlobalSection
	GlobalSection(ExtensibilityGlobals) = postSolution
		SolutionGuid = {BCB0CEF5-144C-4C9B-BA49-3C09B5ACAAF0}
	EndGlobalSection
EndGlobal
